// !$*UTF8*$!
{
	archiveVersion = 1;
	classes = {
	};
	objectVersion = 60;
	objects = {

/* Begin PBXBuildFile section */
		0626EA811DB25035000DC212 /* ViewConfigurable.swift in Sources */ = {isa = PBXBuildFile; fileRef = 0626EA801DB25035000DC212 /* ViewConfigurable.swift */; };
		062AC0091A0827E000744325 /* AppDelegate.swift in Sources */ = {isa = PBXBuildFile; fileRef = 062AC0081A0827E000744325 /* AppDelegate.swift */; };
		062AC00B1A0827E000744325 /* ListViewController.swift in Sources */ = {isa = PBXBuildFile; fileRef = 062AC00A1A0827E000744325 /* ListViewController.swift */; };
		062AC00E1A0827E000744325 /* Main.storyboard in Resources */ = {isa = PBXBuildFile; fileRef = 062AC00C1A0827E000744325 /* Main.storyboard */; };
		062AC0131A0827E000744325 /* LaunchScreen.xib in Resources */ = {isa = PBXBuildFile; fileRef = 062AC0111A0827E000744325 /* LaunchScreen.xib */; };
		062AC0291A08F57500744325 /* ListCollectionViewCell.swift in Sources */ = {isa = PBXBuildFile; fileRef = 062AC0281A08F57500744325 /* ListCollectionViewCell.swift */; };
		06B95AD01DB3BF6F00884125 /* SettingsController.swift in Sources */ = {isa = PBXBuildFile; fileRef = 06B95ACF1DB3BF6F00884125 /* SettingsController.swift */; };
		06CA03B91DB25F8C00AC65E5 /* ListDataProvider.swift in Sources */ = {isa = PBXBuildFile; fileRef = 06CA03B81DB25F8C00AC65E5 /* ListDataProvider.swift */; };
		DA07F0622A5EEB1D005DF621 /* Assets.xcassets in Resources */ = {isa = PBXBuildFile; fileRef = DA07F0612A5EEB1D005DF621 /* Assets.xcassets */; };
		DA757D362CD0521F00CD24D7 /* YNImageAsync in Frameworks */ = {isa = PBXBuildFile; productRef = DA757D352CD0521F00CD24D7 /* YNImageAsync */; };
		DAB170302A697C7000899D0E /* ListViewModel.swift in Sources */ = {isa = PBXBuildFile; fileRef = DAB1702F2A697C7000899D0E /* ListViewModel.swift */; };
		DAB170322A697C9C00899D0E /* ListResponseModel.swift in Sources */ = {isa = PBXBuildFile; fileRef = DAB170312A697C9C00899D0E /* ListResponseModel.swift */; };
/* End PBXBuildFile section */

/* Begin PBXCopyFilesBuildPhase section */
		0626EA7A1DB2316C000DC212 /* Embed Frameworks */ = {
			isa = PBXCopyFilesBuildPhase;
			buildActionMask = 2147483647;
			dstPath = "";
			dstSubfolderSpec = 10;
			files = (
			);
			name = "Embed Frameworks";
			runOnlyForDeploymentPostprocessing = 0;
		};
/* End PBXCopyFilesBuildPhase section */

/* Begin PBXFileReference section */
		0626EA801DB25035000DC212 /* ViewConfigurable.swift */ = {isa = PBXFileReference; fileEncoding = 4; lastKnownFileType = sourcecode.swift; path = ViewConfigurable.swift; sourceTree = "<group>"; };
		062AC0031A0827E000744325 /* YNImageAsyncDemo.app */ = {isa = PBXFileReference; explicitFileType = wrapper.application; includeInIndex = 0; path = YNImageAsyncDemo.app; sourceTree = BUILT_PRODUCTS_DIR; };
		062AC0071A0827E000744325 /* Info.plist */ = {isa = PBXFileReference; lastKnownFileType = text.plist.xml; path = Info.plist; sourceTree = "<group>"; };
		062AC0081A0827E000744325 /* AppDelegate.swift */ = {isa = PBXFileReference; lastKnownFileType = sourcecode.swift; path = AppDelegate.swift; sourceTree = "<group>"; };
		062AC00A1A0827E000744325 /* ListViewController.swift */ = {isa = PBXFileReference; lastKnownFileType = sourcecode.swift; path = ListViewController.swift; sourceTree = "<group>"; };
		062AC00D1A0827E000744325 /* Base */ = {isa = PBXFileReference; lastKnownFileType = file.storyboard; name = Base; path = Base.lproj/Main.storyboard; sourceTree = "<group>"; };
		062AC0121A0827E000744325 /* Base */ = {isa = PBXFileReference; lastKnownFileType = file.xib; name = Base; path = Base.lproj/LaunchScreen.xib; sourceTree = "<group>"; };
		062AC0281A08F57500744325 /* ListCollectionViewCell.swift */ = {isa = PBXFileReference; fileEncoding = 4; lastKnownFileType = sourcecode.swift; path = ListCollectionViewCell.swift; sourceTree = "<group>"; };
		06B95ACF1DB3BF6F00884125 /* SettingsController.swift */ = {isa = PBXFileReference; fileEncoding = 4; lastKnownFileType = sourcecode.swift; path = SettingsController.swift; sourceTree = "<group>"; };
		06CA03B81DB25F8C00AC65E5 /* ListDataProvider.swift */ = {isa = PBXFileReference; fileEncoding = 4; lastKnownFileType = sourcecode.swift; path = ListDataProvider.swift; sourceTree = "<group>"; };
		DA07F0612A5EEB1D005DF621 /* Assets.xcassets */ = {isa = PBXFileReference; lastKnownFileType = folder.assetcatalog; path = Assets.xcassets; sourceTree = "<group>"; };
		DAB1702F2A697C7000899D0E /* ListViewModel.swift */ = {isa = PBXFileReference; lastKnownFileType = sourcecode.swift; path = ListViewModel.swift; sourceTree = "<group>"; };
		DAB170312A697C9C00899D0E /* ListResponseModel.swift */ = {isa = PBXFileReference; lastKnownFileType = sourcecode.swift; path = ListResponseModel.swift; sourceTree = "<group>"; };
/* End PBXFileReference section */

/* Begin PBXFrameworksBuildPhase section */
		062AC0001A0827E000744325 /* Frameworks */ = {
			isa = PBXFrameworksBuildPhase;
			buildActionMask = 2147483647;
			files = (
				DA757D362CD0521F00CD24D7 /* YNImageAsync in Frameworks */,
			);
			runOnlyForDeploymentPostprocessing = 0;
		};
/* End PBXFrameworksBuildPhase section */

/* Begin PBXGroup section */
		062ABFFA1A0827E000744325 = {
			isa = PBXGroup;
			children = (
				062AC0051A0827E000744325 /* YNImageAsyncDemo */,
				062AC0041A0827E000744325 /* Products */,
				DA71E7902A671DCC00A366A2 /* Frameworks */,
			);
			sourceTree = "<group>";
		};
		062AC0041A0827E000744325 /* Products */ = {
			isa = PBXGroup;
			children = (
				062AC0031A0827E000744325 /* YNImageAsyncDemo.app */,
			);
			name = Products;
			sourceTree = "<group>";
		};
		062AC0051A0827E000744325 /* YNImageAsyncDemo */ = {
			isa = PBXGroup;
			children = (
				06EE75951A0ACD37007BE5B0 /* Source */,
				062AC0061A0827E000744325 /* Supporting Files */,
				062AC0081A0827E000744325 /* AppDelegate.swift */,
				DA07F0612A5EEB1D005DF621 /* Assets.xcassets */,
				062AC0111A0827E000744325 /* LaunchScreen.xib */,
				062AC00C1A0827E000744325 /* Main.storyboard */,
			);
			name = YNImageAsyncDemo;
			sourceTree = "<group>";
		};
		062AC0061A0827E000744325 /* Supporting Files */ = {
			isa = PBXGroup;
			children = (
				062AC0071A0827E000744325 /* Info.plist */,
			);
			path = "Supporting Files";
			sourceTree = "<group>";
		};
		06EE75951A0ACD37007BE5B0 /* Source */ = {
			isa = PBXGroup;
			children = (
				DAB1702E2A697C5D00899D0E /* Model */,
				0626EA801DB25035000DC212 /* ViewConfigurable.swift */,
				06CA03B81DB25F8C00AC65E5 /* ListDataProvider.swift */,
				062AC0281A08F57500744325 /* ListCollectionViewCell.swift */,
				062AC00A1A0827E000744325 /* ListViewController.swift */,
				06B95ACF1DB3BF6F00884125 /* SettingsController.swift */,
			);
			path = Source;
			sourceTree = "<group>";
		};
		DA71E7902A671DCC00A366A2 /* Frameworks */ = {
			isa = PBXGroup;
			children = (
			);
			name = Frameworks;
			sourceTree = "<group>";
		};
		DAB1702E2A697C5D00899D0E /* Model */ = {
			isa = PBXGroup;
			children = (
				DAB1702F2A697C7000899D0E /* ListViewModel.swift */,
				DAB170312A697C9C00899D0E /* ListResponseModel.swift */,
			);
			path = Model;
			sourceTree = "<group>";
		};
/* End PBXGroup section */

/* Begin PBXNativeTarget section */
		062AC0021A0827E000744325 /* YNImageAsyncDemo */ = {
			isa = PBXNativeTarget;
			buildConfigurationList = 062AC0221A0827E000744325 /* Build configuration list for PBXNativeTarget "YNImageAsyncDemo" */;
			buildPhases = (
				062ABFFF1A0827E000744325 /* Sources */,
				062AC0001A0827E000744325 /* Frameworks */,
				062AC0011A0827E000744325 /* Resources */,
				0626EA7A1DB2316C000DC212 /* Embed Frameworks */,
			);
			buildRules = (
			);
			dependencies = (
			);
			name = YNImageAsyncDemo;
			packageProductDependencies = (
				DA757D352CD0521F00CD24D7 /* YNImageAsync */,
			);
			productName = ImageAsyncTest;
			productReference = 062AC0031A0827E000744325 /* YNImageAsyncDemo.app */;
			productType = "com.apple.product-type.application";
		};
/* End PBXNativeTarget section */

/* Begin PBXProject section */
		062ABFFB1A0827E000744325 /* Project object */ = {
			isa = PBXProject;
			attributes = {
				BuildIndependentTargetsInParallel = YES;
				LastSwiftMigration = 0730;
				LastSwiftUpdateCheck = 0730;
				LastUpgradeCheck = 1610;
				ORGANIZATIONNAME = "Yury Nechaev";
				TargetAttributes = {
					062AC0021A0827E000744325 = {
						CreatedOnToolsVersion = 6.1;
						LastSwiftMigration = 0800;
						ProvisioningStyle = Automatic;
					};
				};
			};
			buildConfigurationList = 062ABFFE1A0827E000744325 /* Build configuration list for PBXProject "YNImageAsyncDemo" */;
			compatibilityVersion = "Xcode 3.2";
			developmentRegion = en;
			hasScannedForEncodings = 0;
			knownRegions = (
				en,
				Base,
			);
			mainGroup = 062ABFFA1A0827E000744325;
			packageReferences = (
				DA757D252CD04FC700CD24D7 /* XCLocalSwiftPackageReference "../../YNImageAsync" */,
			);
			productRefGroup = 062AC0041A0827E000744325 /* Products */;
			projectDirPath = "";
			projectRoot = "";
			targets = (
				062AC0021A0827E000744325 /* YNImageAsyncDemo */,
			);
		};
/* End PBXProject section */

/* Begin PBXResourcesBuildPhase section */
		062AC0011A0827E000744325 /* Resources */ = {
			isa = PBXResourcesBuildPhase;
			buildActionMask = 2147483647;
			files = (
				062AC00E1A0827E000744325 /* Main.storyboard in Resources */,
				DA07F0622A5EEB1D005DF621 /* Assets.xcassets in Resources */,
				062AC0131A0827E000744325 /* LaunchScreen.xib in Resources */,
			);
			runOnlyForDeploymentPostprocessing = 0;
		};
/* End PBXResourcesBuildPhase section */

/* Begin PBXSourcesBuildPhase section */
		062ABFFF1A0827E000744325 /* Sources */ = {
			isa = PBXSourcesBuildPhase;
			buildActionMask = 2147483647;
			files = (
				06CA03B91DB25F8C00AC65E5 /* ListDataProvider.swift in Sources */,
				062AC00B1A0827E000744325 /* ListViewController.swift in Sources */,
				DAB170302A697C7000899D0E /* ListViewModel.swift in Sources */,
				06B95AD01DB3BF6F00884125 /* SettingsController.swift in Sources */,
				062AC0091A0827E000744325 /* AppDelegate.swift in Sources */,
				0626EA811DB25035000DC212 /* ViewConfigurable.swift in Sources */,
				DAB170322A697C9C00899D0E /* ListResponseModel.swift in Sources */,
				062AC0291A08F57500744325 /* ListCollectionViewCell.swift in Sources */,
			);
			runOnlyForDeploymentPostprocessing = 0;
		};
/* End PBXSourcesBuildPhase section */

/* Begin PBXVariantGroup section */
		062AC00C1A0827E000744325 /* Main.storyboard */ = {
			isa = PBXVariantGroup;
			children = (
				062AC00D1A0827E000744325 /* Base */,
			);
			name = Main.storyboard;
			path = .;
			sourceTree = "<group>";
		};
		062AC0111A0827E000744325 /* LaunchScreen.xib */ = {
			isa = PBXVariantGroup;
			children = (
				062AC0121A0827E000744325 /* Base */,
			);
			name = LaunchScreen.xib;
			path = .;
			sourceTree = "<group>";
		};
/* End PBXVariantGroup section */

/* Begin XCBuildConfiguration section */
		062AC0201A0827E000744325 /* Debug */ = {
			isa = XCBuildConfiguration;
			buildSettings = {
				CLANG_CXX_LANGUAGE_STANDARD = "gnu++0x";
				CLANG_CXX_LIBRARY = "libc++";
				CLANG_ENABLE_MODULES = YES;
				CLANG_ENABLE_OBJC_ARC = YES;
				CLANG_WARN_BLOCK_CAPTURE_AUTORELEASING = YES;
				CLANG_WARN_BOOL_CONVERSION = YES;
				CLANG_WARN_COMMA = YES;
				CLANG_WARN_CONSTANT_CONVERSION = YES;
				CLANG_WARN_DEPRECATED_OBJC_IMPLEMENTATIONS = YES;
				CLANG_WARN_DIRECT_OBJC_ISA_USAGE = YES_ERROR;
				CLANG_WARN_EMPTY_BODY = YES;
				CLANG_WARN_ENUM_CONVERSION = YES;
				CLANG_WARN_INFINITE_RECURSION = YES;
				CLANG_WARN_INT_CONVERSION = YES;
				CLANG_WARN_NON_LITERAL_NULL_CONVERSION = YES;
				CLANG_WARN_OBJC_IMPLICIT_RETAIN_SELF = YES;
				CLANG_WARN_OBJC_LITERAL_CONVERSION = YES;
				CLANG_WARN_OBJC_ROOT_CLASS = YES_ERROR;
				CLANG_WARN_QUOTED_INCLUDE_IN_FRAMEWORK_HEADER = YES;
				CLANG_WARN_RANGE_LOOP_ANALYSIS = YES;
				CLANG_WARN_STRICT_PROTOTYPES = YES;
				CLANG_WARN_SUSPICIOUS_MOVE = YES;
				CLANG_WARN_UNREACHABLE_CODE = YES;
				CLANG_WARN__DUPLICATE_METHOD_MATCH = YES;
				COPY_PHASE_STRIP = NO;
				ENABLE_STRICT_OBJC_MSGSEND = YES;
				ENABLE_TESTABILITY = YES;
				ENABLE_USER_SCRIPT_SANDBOXING = YES;
				GCC_C_LANGUAGE_STANDARD = gnu99;
				GCC_DYNAMIC_NO_PIC = NO;
				GCC_NO_COMMON_BLOCKS = YES;
				GCC_OPTIMIZATION_LEVEL = 0;
				GCC_PREPROCESSOR_DEFINITIONS = (
					"DEBUG=1",
					"$(inherited)",
				);
				GCC_SYMBOLS_PRIVATE_EXTERN = NO;
				GCC_WARN_64_TO_32_BIT_CONVERSION = YES;
				GCC_WARN_ABOUT_RETURN_TYPE = YES_ERROR;
				GCC_WARN_UNDECLARED_SELECTOR = YES;
				GCC_WARN_UNINITIALIZED_AUTOS = YES_AGGRESSIVE;
				GCC_WARN_UNUSED_FUNCTION = YES;
				GCC_WARN_UNUSED_VARIABLE = YES;
				IPHONEOS_DEPLOYMENT_TARGET = 15.0;
				MTL_ENABLE_DEBUG_INFO = YES;
				ONLY_ACTIVE_ARCH = YES;
				SDKROOT = iphoneos;
				SWIFT_OPTIMIZATION_LEVEL = "-Onone";
				TARGETED_DEVICE_FAMILY = "1,2";
			};
			name = Debug;
		};
		062AC0211A0827E000744325 /* Release */ = {
			isa = XCBuildConfiguration;
			buildSettings = {
				CLANG_CXX_LANGUAGE_STANDARD = "gnu++0x";
				CLANG_CXX_LIBRARY = "libc++";
				CLANG_ENABLE_MODULES = YES;
				CLANG_ENABLE_OBJC_ARC = YES;
				CLANG_WARN_BLOCK_CAPTURE_AUTORELEASING = YES;
				CLANG_WARN_BOOL_CONVERSION = YES;
				CLANG_WARN_COMMA = YES;
				CLANG_WARN_CONSTANT_CONVERSION = YES;
				CLANG_WARN_DEPRECATED_OBJC_IMPLEMENTATIONS = YES;
				CLANG_WARN_DIRECT_OBJC_ISA_USAGE = YES_ERROR;
				CLANG_WARN_EMPTY_BODY = YES;
				CLANG_WARN_ENUM_CONVERSION = YES;
				CLANG_WARN_INFINITE_RECURSION = YES;
				CLANG_WARN_INT_CONVERSION = YES;
				CLANG_WARN_NON_LITERAL_NULL_CONVERSION = YES;
				CLANG_WARN_OBJC_IMPLICIT_RETAIN_SELF = YES;
				CLANG_WARN_OBJC_LITERAL_CONVERSION = YES;
				CLANG_WARN_OBJC_ROOT_CLASS = YES_ERROR;
				CLANG_WARN_QUOTED_INCLUDE_IN_FRAMEWORK_HEADER = YES;
				CLANG_WARN_RANGE_LOOP_ANALYSIS = YES;
				CLANG_WARN_STRICT_PROTOTYPES = YES;
				CLANG_WARN_SUSPICIOUS_MOVE = YES;
				CLANG_WARN_UNREACHABLE_CODE = YES;
				CLANG_WARN__DUPLICATE_METHOD_MATCH = YES;
				COPY_PHASE_STRIP = YES;
				ENABLE_NS_ASSERTIONS = NO;
				ENABLE_STRICT_OBJC_MSGSEND = YES;
				ENABLE_USER_SCRIPT_SANDBOXING = YES;
				GCC_C_LANGUAGE_STANDARD = gnu99;
				GCC_NO_COMMON_BLOCKS = YES;
				GCC_WARN_64_TO_32_BIT_CONVERSION = YES;
				GCC_WARN_ABOUT_RETURN_TYPE = YES_ERROR;
				GCC_WARN_UNDECLARED_SELECTOR = YES;
				GCC_WARN_UNINITIALIZED_AUTOS = YES_AGGRESSIVE;
				GCC_WARN_UNUSED_FUNCTION = YES;
				GCC_WARN_UNUSED_VARIABLE = YES;
				IPHONEOS_DEPLOYMENT_TARGET = 15.0;
				MTL_ENABLE_DEBUG_INFO = NO;
				SDKROOT = iphoneos;
				SWIFT_COMPILATION_MODE = wholemodule;
				SWIFT_OPTIMIZATION_LEVEL = "-O";
				TARGETED_DEVICE_FAMILY = "1,2";
				VALIDATE_PRODUCT = YES;
			};
			name = Release;
		};
		062AC0231A0827E000744325 /* Debug */ = {
			isa = XCBuildConfiguration;
			buildSettings = {
				ASSETCATALOG_COMPILER_APPICON_NAME = AppIcon;
				INFOPLIST_FILE = "Supporting Files/Info.plist";
				IPHONEOS_DEPLOYMENT_TARGET = 15.0;
				LD_RUNPATH_SEARCH_PATHS = (
					"$(inherited)",
					"@executable_path/Frameworks",
				);
				PRODUCT_BUNDLE_IDENTIFIER = "YN.$(PRODUCT_NAME:rfc1034identifier)";
				PRODUCT_NAME = "$(TARGET_NAME)";
				SUPPORTED_PLATFORMS = "iphoneos iphonesimulator";
				SUPPORTS_MACCATALYST = NO;
				SUPPORTS_MAC_DESIGNED_FOR_IPHONE_IPAD = NO;
				SUPPORTS_XR_DESIGNED_FOR_IPHONE_IPAD = NO;
				SWIFT_VERSION = 5.0;
				TARGETED_DEVICE_FAMILY = "1,2";
			};
			name = Debug;
		};
		062AC0241A0827E000744325 /* Release */ = {
			isa = XCBuildConfiguration;
			buildSettings = {
				ASSETCATALOG_COMPILER_APPICON_NAME = AppIcon;
				INFOPLIST_FILE = "Supporting Files/Info.plist";
				IPHONEOS_DEPLOYMENT_TARGET = 15.0;
				LD_RUNPATH_SEARCH_PATHS = (
					"$(inherited)",
					"@executable_path/Frameworks",
				);
				PRODUCT_BUNDLE_IDENTIFIER = "YN.$(PRODUCT_NAME:rfc1034identifier)";
				PRODUCT_NAME = "$(TARGET_NAME)";
				SUPPORTED_PLATFORMS = "iphoneos iphonesimulator";
				SUPPORTS_MACCATALYST = NO;
				SUPPORTS_MAC_DESIGNED_FOR_IPHONE_IPAD = NO;
				SUPPORTS_XR_DESIGNED_FOR_IPHONE_IPAD = NO;
				SWIFT_VERSION = 5.0;
				TARGETED_DEVICE_FAMILY = "1,2";
			};
			name = Release;
		};
/* End XCBuildConfiguration section */

/* Begin XCConfigurationList section */
		062ABFFE1A0827E000744325 /* Build configuration list for PBXProject "YNImageAsyncDemo" */ = {
			isa = XCConfigurationList;
			buildConfigurations = (
				062AC0201A0827E000744325 /* Debug */,
				062AC0211A0827E000744325 /* Release */,
			);
			defaultConfigurationIsVisible = 0;
			defaultConfigurationName = Release;
		};
		062AC0221A0827E000744325 /* Build configuration list for PBXNativeTarget "YNImageAsyncDemo" */ = {
			isa = XCConfigurationList;
			buildConfigurations = (
				062AC0231A0827E000744325 /* Debug */,
				062AC0241A0827E000744325 /* Release */,
			);
			defaultConfigurationIsVisible = 0;
			defaultConfigurationName = Release;
		};
/* End XCConfigurationList section */

/* Begin XCLocalSwiftPackageReference section */
		DA757D252CD04FC700CD24D7 /* XCLocalSwiftPackageReference "../../YNImageAsync" */ = {
			isa = XCLocalSwiftPackageReference;
			relativePath = ../../YNImageAsync;
		};
/* End XCLocalSwiftPackageReference section */

/* Begin XCSwiftPackageProductDependency section */
		DA757D352CD0521F00CD24D7 /* YNImageAsync */ = {
			isa = XCSwiftPackageProductDependency;
			package = DA757D252CD04FC700CD24D7 /* XCLocalSwiftPackageReference "../../YNImageAsync" */;
			productName = YNImageAsync;
		};
/* End XCSwiftPackageProductDependency section */
	};
	rootObject = 062ABFFB1A0827E000744325 /* Project object */;
}
