// !$*UTF8*$!
{
	archiveVersion = 1;
	classes = {
	};
	objectVersion = 46;
	objects = {

/* Begin PBXBuildFile section */
		062AC0091A0827E000744325 /* AppDelegate.swift in Sources */ = {isa = PBXBuildFile; fileRef = 062AC0081A0827E000744325 /* AppDelegate.swift */; };
		062AC00B1A0827E000744325 /* ViewController.swift in Sources */ = {isa = PBXBuildFile; fileRef = 062AC00A1A0827E000744325 /* ViewController.swift */; };
		062AC00E1A0827E000744325 /* Main.storyboard in Resources */ = {isa = PBXBuildFile; fileRef = 062AC00C1A0827E000744325 /* Main.storyboard */; };
		062AC0101A0827E000744325 /* Images.xcassets in Resources */ = {isa = PBXBuildFile; fileRef = 062AC00F1A0827E000744325 /* Images.xcassets */; };
		062AC0131A0827E000744325 /* LaunchScreen.xib in Resources */ = {isa = PBXBuildFile; fileRef = 062AC0111A0827E000744325 /* LaunchScreen.xib */; };
		062AC01F1A0827E000744325 /* ImageAsyncTestTests.swift in Sources */ = {isa = PBXBuildFile; fileRef = 062AC01E1A0827E000744325 /* ImageAsyncTestTests.swift */; };
		062AC0291A08F57500744325 /* YNCollectionViewCell.swift in Sources */ = {isa = PBXBuildFile; fileRef = 062AC0281A08F57500744325 /* YNCollectionViewCell.swift */; };
		06EE758F1A0ABB65007BE5B0 /* CoreGraphics.framework in Frameworks */ = {isa = PBXBuildFile; fileRef = 06EE758E1A0ABB65007BE5B0 /* CoreGraphics.framework */; };
		06EE759B1A0ACD37007BE5B0 /* YNCircleIndicator.swift in Sources */ = {isa = PBXBuildFile; fileRef = 06EE75971A0ACD37007BE5B0 /* YNCircleIndicator.swift */; };
		06EE759C1A0ACD37007BE5B0 /* YNImageView.swift in Sources */ = {isa = PBXBuildFile; fileRef = 06EE75981A0ACD37007BE5B0 /* YNImageView.swift */; };
		06EE759D1A0ACD37007BE5B0 /* YNImageAsyncExtensions.swift in Sources */ = {isa = PBXBuildFile; fileRef = 06EE759A1A0ACD37007BE5B0 /* YNImageAsyncExtensions.swift */; };
/* End PBXBuildFile section */

/* Begin PBXContainerItemProxy section */
		062AC0191A0827E000744325 /* PBXContainerItemProxy */ = {
			isa = PBXContainerItemProxy;
			containerPortal = 062ABFFB1A0827E000744325 /* Project object */;
			proxyType = 1;
			remoteGlobalIDString = 062AC0021A0827E000744325;
			remoteInfo = ImageAsyncTest;
		};
/* End PBXContainerItemProxy section */

/* Begin PBXFileReference section */
		062AC0031A0827E000744325 /* ImageAsyncTest.app */ = {isa = PBXFileReference; explicitFileType = wrapper.application; includeInIndex = 0; path = ImageAsyncTest.app; sourceTree = BUILT_PRODUCTS_DIR; };
		062AC0071A0827E000744325 /* Info.plist */ = {isa = PBXFileReference; lastKnownFileType = text.plist.xml; path = Info.plist; sourceTree = "<group>"; };
		062AC0081A0827E000744325 /* AppDelegate.swift */ = {isa = PBXFileReference; lastKnownFileType = sourcecode.swift; path = AppDelegate.swift; sourceTree = "<group>"; };
		062AC00A1A0827E000744325 /* ViewController.swift */ = {isa = PBXFileReference; lastKnownFileType = sourcecode.swift; path = ViewController.swift; sourceTree = "<group>"; };
		062AC00D1A0827E000744325 /* Base */ = {isa = PBXFileReference; lastKnownFileType = file.storyboard; name = Base; path = Base.lproj/Main.storyboard; sourceTree = "<group>"; };
		062AC00F1A0827E000744325 /* Images.xcassets */ = {isa = PBXFileReference; lastKnownFileType = folder.assetcatalog; path = Images.xcassets; sourceTree = "<group>"; };
		062AC0121A0827E000744325 /* Base */ = {isa = PBXFileReference; lastKnownFileType = file.xib; name = Base; path = Base.lproj/LaunchScreen.xib; sourceTree = "<group>"; };
		062AC0181A0827E000744325 /* ImageAsyncTestTests.xctest */ = {isa = PBXFileReference; explicitFileType = wrapper.cfbundle; includeInIndex = 0; path = ImageAsyncTestTests.xctest; sourceTree = BUILT_PRODUCTS_DIR; };
		062AC01D1A0827E000744325 /* Info.plist */ = {isa = PBXFileReference; lastKnownFileType = text.plist.xml; path = Info.plist; sourceTree = "<group>"; };
		062AC01E1A0827E000744325 /* ImageAsyncTestTests.swift */ = {isa = PBXFileReference; lastKnownFileType = sourcecode.swift; path = ImageAsyncTestTests.swift; sourceTree = "<group>"; };
		062AC0281A08F57500744325 /* YNCollectionViewCell.swift */ = {isa = PBXFileReference; fileEncoding = 4; lastKnownFileType = sourcecode.swift; path = YNCollectionViewCell.swift; sourceTree = "<group>"; };
		06EE758E1A0ABB65007BE5B0 /* CoreGraphics.framework */ = {isa = PBXFileReference; lastKnownFileType = wrapper.framework; name = CoreGraphics.framework; path = System/Library/Frameworks/CoreGraphics.framework; sourceTree = SDKROOT; };
		06EE75971A0ACD37007BE5B0 /* YNCircleIndicator.swift */ = {isa = PBXFileReference; fileEncoding = 4; lastKnownFileType = sourcecode.swift; path = YNCircleIndicator.swift; sourceTree = "<group>"; };
		06EE75981A0ACD37007BE5B0 /* YNImageView.swift */ = {isa = PBXFileReference; fileEncoding = 4; lastKnownFileType = sourcecode.swift; path = YNImageView.swift; sourceTree = "<group>"; };
		06EE759A1A0ACD37007BE5B0 /* YNImageAsyncExtensions.swift */ = {isa = PBXFileReference; fileEncoding = 4; lastKnownFileType = sourcecode.swift; path = YNImageAsyncExtensions.swift; sourceTree = "<group>"; };
/* End PBXFileReference section */

/* Begin PBXFrameworksBuildPhase section */
		062AC0001A0827E000744325 /* Frameworks */ = {
			isa = PBXFrameworksBuildPhase;
			buildActionMask = 2147483647;
			files = (
				06EE758F1A0ABB65007BE5B0 /* CoreGraphics.framework in Frameworks */,
			);
			runOnlyForDeploymentPostprocessing = 0;
		};
		062AC0151A0827E000744325 /* Frameworks */ = {
			isa = PBXFrameworksBuildPhase;
			buildActionMask = 2147483647;
			files = (
			);
			runOnlyForDeploymentPostprocessing = 0;
		};
/* End PBXFrameworksBuildPhase section */

/* Begin PBXGroup section */
		062ABFFA1A0827E000744325 = {
			isa = PBXGroup;
			children = (
				06EE758E1A0ABB65007BE5B0 /* CoreGraphics.framework */,
				062AC0051A0827E000744325 /* ImageAsyncTest */,
				062AC01B1A0827E000744325 /* ImageAsyncTestTests */,
				062AC0041A0827E000744325 /* Products */,
			);
			sourceTree = "<group>";
		};
		062AC0041A0827E000744325 /* Products */ = {
			isa = PBXGroup;
			children = (
				062AC0031A0827E000744325 /* ImageAsyncTest.app */,
				062AC0181A0827E000744325 /* ImageAsyncTestTests.xctest */,
			);
			name = Products;
			sourceTree = "<group>";
		};
		062AC0051A0827E000744325 /* ImageAsyncTest */ = {
			isa = PBXGroup;
			children = (
				06EE75951A0ACD37007BE5B0 /* Source */,
				06EE75941A0ACC5E007BE5B0 /* Example files */,
				062AC0081A0827E000744325 /* AppDelegate.swift */,
				062AC00C1A0827E000744325 /* Main.storyboard */,
				062AC00F1A0827E000744325 /* Images.xcassets */,
				062AC0111A0827E000744325 /* LaunchScreen.xib */,
				062AC0061A0827E000744325 /* Supporting Files */,
			);
			path = ImageAsyncTest;
			sourceTree = "<group>";
		};
		062AC0061A0827E000744325 /* Supporting Files */ = {
			isa = PBXGroup;
			children = (
				062AC0071A0827E000744325 /* Info.plist */,
			);
			name = "Supporting Files";
			sourceTree = "<group>";
		};
		062AC01B1A0827E000744325 /* ImageAsyncTestTests */ = {
			isa = PBXGroup;
			children = (
				062AC01E1A0827E000744325 /* ImageAsyncTestTests.swift */,
				062AC01C1A0827E000744325 /* Supporting Files */,
			);
			path = ImageAsyncTestTests;
			sourceTree = "<group>";
		};
		062AC01C1A0827E000744325 /* Supporting Files */ = {
			isa = PBXGroup;
			children = (
				062AC01D1A0827E000744325 /* Info.plist */,
			);
			name = "Supporting Files";
			sourceTree = "<group>";
		};
		06EE75941A0ACC5E007BE5B0 /* Example files */ = {
			isa = PBXGroup;
			children = (
				062AC00A1A0827E000744325 /* ViewController.swift */,
				062AC0281A08F57500744325 /* YNCollectionViewCell.swift */,
			);
			name = "Example files";
			sourceTree = "<group>";
		};
		06EE75951A0ACD37007BE5B0 /* Source */ = {
			isa = PBXGroup;
			children = (
				06EE75961A0ACD37007BE5B0 /* Core */,
				06EE75991A0ACD37007BE5B0 /* Extensions */,
			);
			path = Source;
			sourceTree = "<group>";
		};
		06EE75961A0ACD37007BE5B0 /* Core */ = {
			isa = PBXGroup;
			children = (
				06EE75971A0ACD37007BE5B0 /* YNCircleIndicator.swift */,
				06EE75981A0ACD37007BE5B0 /* YNImageView.swift */,
			);
			path = Core;
			sourceTree = "<group>";
		};
		06EE75991A0ACD37007BE5B0 /* Extensions */ = {
			isa = PBXGroup;
			children = (
				06EE759A1A0ACD37007BE5B0 /* YNImageAsyncExtensions.swift */,
			);
			path = Extensions;
			sourceTree = "<group>";
		};
/* End PBXGroup section */

/* Begin PBXNativeTarget section */
		062AC0021A0827E000744325 /* ImageAsyncTest */ = {
			isa = PBXNativeTarget;
			buildConfigurationList = 062AC0221A0827E000744325 /* Build configuration list for PBXNativeTarget "ImageAsyncTest" */;
			buildPhases = (
				062ABFFF1A0827E000744325 /* Sources */,
				062AC0001A0827E000744325 /* Frameworks */,
				062AC0011A0827E000744325 /* Resources */,
			);
			buildRules = (
			);
			dependencies = (
			);
			name = ImageAsyncTest;
			productName = ImageAsyncTest;
			productReference = 062AC0031A0827E000744325 /* ImageAsyncTest.app */;
			productType = "com.apple.product-type.application";
		};
		062AC0171A0827E000744325 /* ImageAsyncTestTests */ = {
			isa = PBXNativeTarget;
			buildConfigurationList = 062AC0251A0827E000744325 /* Build configuration list for PBXNativeTarget "ImageAsyncTestTests" */;
			buildPhases = (
				062AC0141A0827E000744325 /* Sources */,
				062AC0151A0827E000744325 /* Frameworks */,
				062AC0161A0827E000744325 /* Resources */,
			);
			buildRules = (
			);
			dependencies = (
				062AC01A1A0827E000744325 /* PBXTargetDependency */,
			);
			name = ImageAsyncTestTests;
			productName = ImageAsyncTestTests;
			productReference = 062AC0181A0827E000744325 /* ImageAsyncTestTests.xctest */;
			productType = "com.apple.product-type.bundle.unit-test";
		};
/* End PBXNativeTarget section */

/* Begin PBXProject section */
		062ABFFB1A0827E000744325 /* Project object */ = {
			isa = PBXProject;
			attributes = {
				LastSwiftMigration = 0730;
				LastSwiftUpdateCheck = 0730;
				LastUpgradeCheck = 0730;
				ORGANIZATIONNAME = "Yury Nechaev";
				TargetAttributes = {
					062AC0021A0827E000744325 = {
						CreatedOnToolsVersion = 6.1;
					};
					062AC0171A0827E000744325 = {
						CreatedOnToolsVersion = 6.1;
						TestTargetID = 062AC0021A0827E000744325;
					};
				};
			};
			buildConfigurationList = 062ABFFE1A0827E000744325 /* Build configuration list for PBXProject "ImageAsyncTest" */;
			compatibilityVersion = "Xcode 3.2";
			developmentRegion = English;
			hasScannedForEncodings = 0;
			knownRegions = (
				en,
				Base,
			);
			mainGroup = 062ABFFA1A0827E000744325;
			productRefGroup = 062AC0041A0827E000744325 /* Products */;
			projectDirPath = "";
			projectRoot = "";
			targets = (
				062AC0021A0827E000744325 /* ImageAsyncTest */,
				062AC0171A0827E000744325 /* ImageAsyncTestTests */,
			);
		};
/* End PBXProject section */

/* Begin PBXResourcesBuildPhase section */
		062AC0011A0827E000744325 /* Resources */ = {
			isa = PBXResourcesBuildPhase;
			buildActionMask = 2147483647;
			files = (
				062AC00E1A0827E000744325 /* Main.storyboard in Resources */,
				062AC0131A0827E000744325 /* LaunchScreen.xib in Resources */,
				062AC0101A0827E000744325 /* Images.xcassets in Resources */,
			);
			runOnlyForDeploymentPostprocessing = 0;
		};
		062AC0161A0827E000744325 /* Resources */ = {
			isa = PBXResourcesBuildPhase;
			buildActionMask = 2147483647;
			files = (
			);
			runOnlyForDeploymentPostprocessing = 0;
		};
/* End PBXResourcesBuildPhase section */

/* Begin PBXSourcesBuildPhase section */
		062ABFFF1A0827E000744325 /* Sources */ = {
			isa = PBXSourcesBuildPhase;
			buildActionMask = 2147483647;
			files = (
				06EE759B1A0ACD37007BE5B0 /* YNCircleIndicator.swift in Sources */,
				06EE759C1A0ACD37007BE5B0 /* YNImageView.swift in Sources */,
				062AC00B1A0827E000744325 /* ViewController.swift in Sources */,
				06EE759D1A0ACD37007BE5B0 /* YNImageAsyncExtensions.swift in Sources */,
				062AC0091A0827E000744325 /* AppDelegate.swift in Sources */,
				062AC0291A08F57500744325 /* YNCollectionViewCell.swift in Sources */,
			);
			runOnlyForDeploymentPostprocessing = 0;
		};
		062AC0141A0827E000744325 /* Sources */ = {
			isa = PBXSourcesBuildPhase;
			buildActionMask = 2147483647;
			files = (
				062AC01F1A0827E000744325 /* ImageAsyncTestTests.swift in Sources */,
			);
			runOnlyForDeploymentPostprocessing = 0;
		};
/* End PBXSourcesBuildPhase section */

/* Begin PBXTargetDependency section */
		062AC01A1A0827E000744325 /* PBXTargetDependency */ = {
			isa = PBXTargetDependency;
			target = 062AC0021A0827E000744325 /* ImageAsyncTest */;
			targetProxy = 062AC0191A0827E000744325 /* PBXContainerItemProxy */;
		};
/* End PBXTargetDependency section */

/* Begin PBXVariantGroup section */
		062AC00C1A0827E000744325 /* Main.storyboard */ = {
			isa = PBXVariantGroup;
			children = (
				062AC00D1A0827E000744325 /* Base */,
			);
			name = Main.storyboard;
			sourceTree = "<group>";
		};
		062AC0111A0827E000744325 /* LaunchScreen.xib */ = {
			isa = PBXVariantGroup;
			children = (
				062AC0121A0827E000744325 /* Base */,
			);
			name = LaunchScreen.xib;
			sourceTree = "<group>";
		};
/* End PBXVariantGroup section */

/* Begin XCBuildConfiguration section */
		062AC0201A0827E000744325 /* Debug */ = {
			isa = XCBuildConfiguration;
			buildSettings = {
				ALWAYS_SEARCH_USER_PATHS = NO;
				CLANG_CXX_LANGUAGE_STANDARD = "gnu++0x";
				CLANG_CXX_LIBRARY = "libc++";
				CLANG_ENABLE_MODULES = YES;
				CLANG_ENABLE_OBJC_ARC = YES;
				CLANG_WARN_BOOL_CONVERSION = YES;
				CLANG_WARN_CONSTANT_CONVERSION = YES;
				CLANG_WARN_DIRECT_OBJC_ISA_USAGE = YES_ERROR;
				CLANG_WARN_EMPTY_BODY = YES;
				CLANG_WARN_ENUM_CONVERSION = YES;
				CLANG_WARN_INT_CONVERSION = YES;
				CLANG_WARN_OBJC_ROOT_CLASS = YES_ERROR;
				CLANG_WARN_UNREACHABLE_CODE = YES;
				CLANG_WARN__DUPLICATE_METHOD_MATCH = YES;
				"CODE_SIGN_IDENTITY[sdk=iphoneos*]" = "iPhone Developer";
				COPY_PHASE_STRIP = NO;
				ENABLE_STRICT_OBJC_MSGSEND = YES;
				ENABLE_TESTABILITY = YES;
				GCC_C_LANGUAGE_STANDARD = gnu99;
				GCC_DYNAMIC_NO_PIC = NO;
				GCC_OPTIMIZATION_LEVEL = 0;
				GCC_PREPROCESSOR_DEFINITIONS = (
					"DEBUG=1",
					"$(inherited)",
				);
				GCC_SYMBOLS_PRIVATE_EXTERN = NO;
				GCC_WARN_64_TO_32_BIT_CONVERSION = YES;
				GCC_WARN_ABOUT_RETURN_TYPE = YES_ERROR;
				GCC_WARN_UNDECLARED_SELECTOR = YES;
				GCC_WARN_UNINITIALIZED_AUTOS = YES_AGGRESSIVE;
				GCC_WARN_UNUSED_FUNCTION = YES;
				GCC_WARN_UNUSED_VARIABLE = YES;
				IPHONEOS_DEPLOYMENT_TARGET = 8.1;
				MTL_ENABLE_DEBUG_INFO = YES;
				ONLY_ACTIVE_ARCH = YES;
				SDKROOT = iphoneos;
				SWIFT_OPTIMIZATION_LEVEL = "-Onone";
				TARGETED_DEVICE_FAMILY = "1,2";
			};
			name = Debug;
		};
		062AC0211A0827E000744325 /* Release */ = {
			isa = XCBuildConfiguration;
			buildSettings = {
				ALWAYS_SEARCH_USER_PATHS = NO;
				CLANG_CXX_LANGUAGE_STANDARD = "gnu++0x";
				CLANG_CXX_LIBRARY = "libc++";
				CLANG_ENABLE_MODULES = YES;
				CLANG_ENABLE_OBJC_ARC = YES;
				CLANG_WARN_BOOL_CONVERSION = YES;
				CLANG_WARN_CONSTANT_CONVERSION = YES;
				CLANG_WARN_DIRECT_OBJC_ISA_USAGE = YES_ERROR;
				CLANG_WARN_EMPTY_BODY = YES;
				CLANG_WARN_ENUM_CONVERSION = YES;
				CLANG_WARN_INT_CONVERSION = YES;
				CLANG_WARN_OBJC_ROOT_CLASS = YES_ERROR;
				CLANG_WARN_UNREACHABLE_CODE = YES;
				CLANG_WARN__DUPLICATE_METHOD_MATCH = YES;
				"CODE_SIGN_IDENTITY[sdk=iphoneos*]" = "iPhone Developer";
				COPY_PHASE_STRIP = YES;
				ENABLE_NS_ASSERTIONS = NO;
				ENABLE_STRICT_OBJC_MSGSEND = YES;
				GCC_C_LANGUAGE_STANDARD = gnu99;
				GCC_WARN_64_TO_32_BIT_CONVERSION = YES;
				GCC_WARN_ABOUT_RETURN_TYPE = YES_ERROR;
				GCC_WARN_UNDECLARED_SELECTOR = YES;
				GCC_WARN_UNINITIALIZED_AUTOS = YES_AGGRESSIVE;
				GCC_WARN_UNUSED_FUNCTION = YES;
				GCC_WARN_UNUSED_VARIABLE = YES;
				IPHONEOS_DEPLOYMENT_TARGET = 8.1;
				MTL_ENABLE_DEBUG_INFO = NO;
				SDKROOT = iphoneos;
				TARGETED_DEVICE_FAMILY = "1,2";
				VALIDATE_PRODUCT = YES;
			};
			name = Release;
		};
		062AC0231A0827E000744325 /* Debug */ = {
			isa = XCBuildConfiguration;
			buildSettings = {
				ASSETCATALOG_COMPILER_APPICON_NAME = AppIcon;
				INFOPLIST_FILE = ImageAsyncTest/Info.plist;
				LD_RUNPATH_SEARCH_PATHS = "$(inherited) @executable_path/Frameworks";
				PRODUCT_BUNDLE_IDENTIFIER = "YN.$(PRODUCT_NAME:rfc1034identifier)";
				PRODUCT_NAME = "$(TARGET_NAME)";
			};
			name = Debug;
		};
		062AC0241A0827E000744325 /* Release */ = {
			isa = XCBuildConfiguration;
			buildSettings = {
				ASSETCATALOG_COMPILER_APPICON_NAME = AppIcon;
				INFOPLIST_FILE = ImageAsyncTest/Info.plist;
				LD_RUNPATH_SEARCH_PATHS = "$(inherited) @executable_path/Frameworks";
				PRODUCT_BUNDLE_IDENTIFIER = "YN.$(PRODUCT_NAME:rfc1034identifier)";
				PRODUCT_NAME = "$(TARGET_NAME)";
			};
			name = Release;
		};
		062AC0261A0827E000744325 /* Debug */ = {
			isa = XCBuildConfiguration;
			buildSettings = {
				BUNDLE_LOADER = "$(TEST_HOST)";
				FRAMEWORK_SEARCH_PATHS = (
					"$(SDKROOT)/Developer/Library/Frameworks",
					"$(inherited)",
				);
				GCC_PREPROCESSOR_DEFINITIONS = (
					"DEBUG=1",
					"$(inherited)",
				);
				INFOPLIST_FILE = ImageAsyncTestTests/Info.plist;
				LD_RUNPATH_SEARCH_PATHS = "$(inherited) @executable_path/Frameworks @loader_path/Frameworks";
				PRODUCT_BUNDLE_IDENTIFIER = "YN.$(PRODUCT_NAME:rfc1034identifier)";
				PRODUCT_NAME = "$(TARGET_NAME)";
				TEST_HOST = "$(BUILT_PRODUCTS_DIR)/ImageAsyncTest.app/ImageAsyncTest";
			};
			name = Debug;
		};
		062AC0271A0827E000744325 /* Release */ = {
			isa = XCBuildConfiguration;
			buildSettings = {
				BUNDLE_LOADER = "$(TEST_HOST)";
				FRAMEWORK_SEARCH_PATHS = (
					"$(SDKROOT)/Developer/Library/Frameworks",
					"$(inherited)",
				);
				INFOPLIST_FILE = ImageAsyncTestTests/Info.plist;
				LD_RUNPATH_SEARCH_PATHS = "$(inherited) @executable_path/Frameworks @loader_path/Frameworks";
				PRODUCT_BUNDLE_IDENTIFIER = "YN.$(PRODUCT_NAME:rfc1034identifier)";
				PRODUCT_NAME = "$(TARGET_NAME)";
				TEST_HOST = "$(BUILT_PRODUCTS_DIR)/ImageAsyncTest.app/ImageAsyncTest";
			};
			name = Release;
		};
/* End XCBuildConfiguration section */

/* Begin XCConfigurationList section */
		062ABFFE1A0827E000744325 /* Build configuration list for PBXProject "ImageAsyncTest" */ = {
			isa = XCConfigurationList;
			buildConfigurations = (
				062AC0201A0827E000744325 /* Debug */,
				062AC0211A0827E000744325 /* Release */,
			);
			defaultConfigurationIsVisible = 0;
			defaultConfigurationName = Release;
		};
		062AC0221A0827E000744325 /* Build configuration list for PBXNativeTarget "ImageAsyncTest" */ = {
			isa = XCConfigurationList;
			buildConfigurations = (
				062AC0231A0827E000744325 /* Debug */,
				062AC0241A0827E000744325 /* Release */,
			);
			defaultConfigurationIsVisible = 0;
			defaultConfigurationName = Release;
		};
		062AC0251A0827E000744325 /* Build configuration list for PBXNativeTarget "ImageAsyncTestTests" */ = {
			isa = XCConfigurationList;
			buildConfigurations = (
				062AC0261A0827E000744325 /* Debug */,
				062AC0271A0827E000744325 /* Release */,
			);
			defaultConfigurationIsVisible = 0;
			defaultConfigurationName = Release;
		};
/* End XCConfigurationList section */
	};
	rootObject = 062ABFFB1A0827E000744325 /* Project object */;
}
