<?xml version="1.0" encoding="UTF-8"?>
<!DOCTYPE plist PUBLIC "-//Apple//DTD PLIST 1.0//EN" "http://www.apple.com/DTDs/PropertyList-1.0.dtd">
<plist version="1.0">
<dict>
	<key>archiveVersion</key>
	<string>1</string>
	<key>classes</key>
	<dict/>
	<key>objectVersion</key>
	<string>46</string>
	<key>objects</key>
	<dict>
		<key>0626EA591DB2316C000DC212</key>
		<dict>
			<key>buildActionMask</key>
			<string>2147483647</string>
			<key>files</key>
			<array>
				<string>069055971DB3601000C3E48F</string>
				<string>06E80CC01DB37FA40068BF85</string>
				<string>069055961DB3600C00C3E48F</string>
				<string>0626EA7F1DB2324A000DC212</string>
				<string>063365F61DB2BD9100B78098</string>
				<string>069055911DB2DB6A00C3E48F</string>
				<string>069055951DB3600800C3E48F</string>
				<string>069055941DB2DBB500C3E48F</string>
				<string>063365F31DB2A99900B78098</string>
			</array>
			<key>isa</key>
			<string>PBXSourcesBuildPhase</string>
			<key>runOnlyForDeploymentPostprocessing</key>
			<string>0</string>
		</dict>
		<key>0626EA5A1DB2316C000DC212</key>
		<dict>
			<key>buildActionMask</key>
			<string>2147483647</string>
			<key>files</key>
			<array/>
			<key>isa</key>
			<string>PBXFrameworksBuildPhase</string>
			<key>runOnlyForDeploymentPostprocessing</key>
			<string>0</string>
		</dict>
		<key>0626EA5B1DB2316C000DC212</key>
		<dict>
			<key>buildActionMask</key>
			<string>2147483647</string>
			<key>files</key>
			<array>
				<string>0626EA611DB2316C000DC212</string>
			</array>
			<key>isa</key>
			<string>PBXHeadersBuildPhase</string>
			<key>runOnlyForDeploymentPostprocessing</key>
			<string>0</string>
		</dict>
		<key>0626EA5C1DB2316C000DC212</key>
		<dict>
			<key>buildActionMask</key>
			<string>2147483647</string>
			<key>files</key>
			<array/>
			<key>isa</key>
			<string>PBXResourcesBuildPhase</string>
			<key>runOnlyForDeploymentPostprocessing</key>
			<string>0</string>
		</dict>
		<key>0626EA5D1DB2316C000DC212</key>
		<dict>
			<key>buildConfigurationList</key>
			<string>0626EA791DB2316C000DC212</string>
			<key>buildPhases</key>
			<array>
				<string>0626EA591DB2316C000DC212</string>
				<string>0626EA5A1DB2316C000DC212</string>
				<string>0626EA5B1DB2316C000DC212</string>
				<string>0626EA5C1DB2316C000DC212</string>
			</array>
			<key>buildRules</key>
			<array/>
			<key>dependencies</key>
			<array/>
			<key>isa</key>
			<string>PBXNativeTarget</string>
			<key>name</key>
			<string>YNImageAsync</string>
			<key>productName</key>
			<string>YNImageAsync</string>
			<key>productReference</key>
			<string>0626EA5E1DB2316C000DC212</string>
			<key>productType</key>
			<string>com.apple.product-type.framework</string>
		</dict>
		<key>0626EA5E1DB2316C000DC212</key>
		<dict>
			<key>explicitFileType</key>
			<string>wrapper.framework</string>
			<key>includeInIndex</key>
			<string>0</string>
			<key>isa</key>
			<string>PBXFileReference</string>
			<key>path</key>
			<string>YNImageAsync.framework</string>
			<key>sourceTree</key>
			<string>BUILT_PRODUCTS_DIR</string>
		</dict>
		<key>0626EA5F1DB2316C000DC212</key>
		<dict>
			<key>children</key>
			<array>
				<string>06EE75961A0ACD37007BE5B0</string>
				<string>0626EA621DB2316C000DC212</string>
				<string>0626EA601DB2316C000DC212</string>
			</array>
			<key>isa</key>
			<string>PBXGroup</string>
			<key>path</key>
			<string>YNImageAsync</string>
			<key>sourceTree</key>
			<string>&lt;group&gt;</string>
		</dict>
		<key>0626EA601DB2316C000DC212</key>
		<dict>
			<key>isa</key>
			<string>PBXFileReference</string>
			<key>lastKnownFileType</key>
			<string>sourcecode.c.h</string>
			<key>path</key>
			<string>YNImageAsync.h</string>
			<key>sourceTree</key>
			<string>&lt;group&gt;</string>
		</dict>
		<key>0626EA611DB2316C000DC212</key>
		<dict>
			<key>fileRef</key>
			<string>0626EA601DB2316C000DC212</string>
			<key>isa</key>
			<string>PBXBuildFile</string>
			<key>settings</key>
			<dict>
				<key>ATTRIBUTES</key>
				<array>
					<string>Public</string>
				</array>
			</dict>
		</dict>
		<key>0626EA621DB2316C000DC212</key>
		<dict>
			<key>isa</key>
			<string>PBXFileReference</string>
			<key>lastKnownFileType</key>
			<string>text.plist.xml</string>
			<key>path</key>
			<string>Info.plist</string>
			<key>sourceTree</key>
			<string>&lt;group&gt;</string>
		</dict>
		<key>0626EA631DB2316C000DC212</key>
		<dict>
			<key>buildActionMask</key>
			<string>2147483647</string>
			<key>files</key>
			<array>
				<string>0626EA6F1DB2316C000DC212</string>
			</array>
			<key>isa</key>
			<string>PBXSourcesBuildPhase</string>
			<key>runOnlyForDeploymentPostprocessing</key>
			<string>0</string>
		</dict>
		<key>0626EA641DB2316C000DC212</key>
		<dict>
			<key>buildActionMask</key>
			<string>2147483647</string>
			<key>files</key>
			<array>
				<string>0626EA681DB2316C000DC212</string>
			</array>
			<key>isa</key>
			<string>PBXFrameworksBuildPhase</string>
			<key>runOnlyForDeploymentPostprocessing</key>
			<string>0</string>
		</dict>
		<key>0626EA651DB2316C000DC212</key>
		<dict>
			<key>buildActionMask</key>
			<string>2147483647</string>
			<key>files</key>
			<array/>
			<key>isa</key>
			<string>PBXResourcesBuildPhase</string>
			<key>runOnlyForDeploymentPostprocessing</key>
			<string>0</string>
		</dict>
		<key>0626EA661DB2316C000DC212</key>
		<dict>
			<key>buildConfigurationList</key>
			<string>0626EA7B1DB2316C000DC212</string>
			<key>buildPhases</key>
			<array>
				<string>0626EA631DB2316C000DC212</string>
				<string>0626EA641DB2316C000DC212</string>
				<string>0626EA651DB2316C000DC212</string>
			</array>
			<key>buildRules</key>
			<array/>
			<key>dependencies</key>
			<array>
				<string>0626EA6A1DB2316C000DC212</string>
				<string>0626EA6C1DB2316C000DC212</string>
			</array>
			<key>isa</key>
			<string>PBXNativeTarget</string>
			<key>name</key>
			<string>YNImageAsyncTests</string>
			<key>productName</key>
			<string>YNImageAsyncTests</string>
			<key>productReference</key>
			<string>0626EA671DB2316C000DC212</string>
			<key>productType</key>
			<string>com.apple.product-type.bundle.unit-test</string>
		</dict>
		<key>0626EA671DB2316C000DC212</key>
		<dict>
			<key>explicitFileType</key>
			<string>wrapper.cfbundle</string>
			<key>includeInIndex</key>
			<string>0</string>
			<key>isa</key>
			<string>PBXFileReference</string>
			<key>path</key>
			<string>YNImageAsyncTests.xctest</string>
			<key>sourceTree</key>
			<string>BUILT_PRODUCTS_DIR</string>
		</dict>
		<key>0626EA681DB2316C000DC212</key>
		<dict>
			<key>fileRef</key>
			<string>0626EA5E1DB2316C000DC212</string>
			<key>isa</key>
			<string>PBXBuildFile</string>
		</dict>
		<key>0626EA691DB2316C000DC212</key>
		<dict>
			<key>containerPortal</key>
			<string>062ABFFB1A0827E000744325</string>
			<key>isa</key>
			<string>PBXContainerItemProxy</string>
			<key>proxyType</key>
			<string>1</string>
			<key>remoteGlobalIDString</key>
			<string>0626EA5D1DB2316C000DC212</string>
			<key>remoteInfo</key>
			<string>YNImageAsync</string>
		</dict>
		<key>0626EA6A1DB2316C000DC212</key>
		<dict>
			<key>isa</key>
			<string>PBXTargetDependency</string>
			<key>target</key>
			<string>0626EA5D1DB2316C000DC212</string>
			<key>targetProxy</key>
			<string>0626EA691DB2316C000DC212</string>
		</dict>
		<key>0626EA6B1DB2316C000DC212</key>
		<dict>
			<key>containerPortal</key>
			<string>062ABFFB1A0827E000744325</string>
			<key>isa</key>
			<string>PBXContainerItemProxy</string>
			<key>proxyType</key>
			<string>1</string>
			<key>remoteGlobalIDString</key>
			<string>062AC0021A0827E000744325</string>
			<key>remoteInfo</key>
			<string>ImageAsyncTest</string>
		</dict>
		<key>0626EA6C1DB2316C000DC212</key>
		<dict>
			<key>isa</key>
			<string>PBXTargetDependency</string>
			<key>target</key>
			<string>062AC0021A0827E000744325</string>
			<key>targetProxy</key>
			<string>0626EA6B1DB2316C000DC212</string>
		</dict>
		<key>0626EA6D1DB2316C000DC212</key>
		<dict>
			<key>children</key>
			<array>
				<string>0626EA701DB2316C000DC212</string>
				<string>0626EA6E1DB2316C000DC212</string>
			</array>
			<key>isa</key>
			<string>PBXGroup</string>
			<key>path</key>
			<string>YNImageAsyncTests</string>
			<key>sourceTree</key>
			<string>&lt;group&gt;</string>
		</dict>
		<key>0626EA6E1DB2316C000DC212</key>
		<dict>
			<key>isa</key>
			<string>PBXFileReference</string>
			<key>lastKnownFileType</key>
			<string>sourcecode.swift</string>
			<key>path</key>
			<string>YNImageAsyncTests.swift</string>
			<key>sourceTree</key>
			<string>&lt;group&gt;</string>
		</dict>
		<key>0626EA6F1DB2316C000DC212</key>
		<dict>
			<key>fileRef</key>
			<string>0626EA6E1DB2316C000DC212</string>
			<key>isa</key>
			<string>PBXBuildFile</string>
		</dict>
		<key>0626EA701DB2316C000DC212</key>
		<dict>
			<key>isa</key>
			<string>PBXFileReference</string>
			<key>lastKnownFileType</key>
			<string>text.plist.xml</string>
			<key>path</key>
			<string>Info.plist</string>
			<key>sourceTree</key>
			<string>&lt;group&gt;</string>
		</dict>
		<key>0626EA711DB2316C000DC212</key>
		<dict>
			<key>containerPortal</key>
			<string>062ABFFB1A0827E000744325</string>
			<key>isa</key>
			<string>PBXContainerItemProxy</string>
			<key>proxyType</key>
			<string>1</string>
			<key>remoteGlobalIDString</key>
			<string>0626EA5D1DB2316C000DC212</string>
			<key>remoteInfo</key>
			<string>YNImageAsync</string>
		</dict>
		<key>0626EA721DB2316C000DC212</key>
		<dict>
			<key>isa</key>
			<string>PBXTargetDependency</string>
			<key>target</key>
			<string>0626EA5D1DB2316C000DC212</string>
			<key>targetProxy</key>
			<string>0626EA711DB2316C000DC212</string>
		</dict>
		<key>0626EA731DB2316C000DC212</key>
		<dict>
			<key>fileRef</key>
			<string>0626EA5E1DB2316C000DC212</string>
			<key>isa</key>
			<string>PBXBuildFile</string>
		</dict>
		<key>0626EA741DB2316C000DC212</key>
		<dict>
			<key>fileRef</key>
			<string>0626EA5E1DB2316C000DC212</string>
			<key>isa</key>
			<string>PBXBuildFile</string>
			<key>settings</key>
			<dict>
				<key>ATTRIBUTES</key>
				<array>
					<string>CodeSignOnCopy</string>
					<string>RemoveHeadersOnCopy</string>
				</array>
			</dict>
		</dict>
		<key>0626EA751DB2316C000DC212</key>
		<dict>
			<key>buildSettings</key>
			<dict>
				<key>CLANG_ANALYZER_NONNULL</key>
				<string>YES</string>
				<key>CLANG_ENABLE_MODULES</key>
				<string>YES</string>
				<key>CODE_SIGN_IDENTITY[sdk=iphoneos*]</key>
				<string></string>
				<key>CURRENT_PROJECT_VERSION</key>
				<string>1</string>
				<key>DEBUG_INFORMATION_FORMAT</key>
				<string>dwarf</string>
				<key>DEFINES_MODULE</key>
				<string>YES</string>
				<key>DYLIB_COMPATIBILITY_VERSION</key>
				<string>1</string>
				<key>DYLIB_CURRENT_VERSION</key>
				<string>1</string>
				<key>DYLIB_INSTALL_NAME_BASE</key>
				<string>@rpath</string>
				<key>GCC_NO_COMMON_BLOCKS</key>
				<string>YES</string>
				<key>INFOPLIST_FILE</key>
				<string>YNImageAsync/Info.plist</string>
				<key>INSTALL_PATH</key>
				<string>$(LOCAL_LIBRARY_DIR)/Frameworks</string>
				<key>IPHONEOS_DEPLOYMENT_TARGET</key>
				<string>9.3</string>
				<key>LD_RUNPATH_SEARCH_PATHS</key>
				<string>$(inherited) @executable_path/Frameworks @loader_path/Frameworks</string>
				<key>PRODUCT_BUNDLE_IDENTIFIER</key>
				<string>yn.YNImageAsync</string>
				<key>PRODUCT_NAME</key>
				<string>$(TARGET_NAME)</string>
				<key>SKIP_INSTALL</key>
				<string>YES</string>
				<key>SWIFT_OPTIMIZATION_LEVEL</key>
				<string>-Onone</string>
				<key>SWIFT_VERSION</key>
				<string>3.0</string>
				<key>VERSIONING_SYSTEM</key>
				<string>apple-generic</string>
				<key>VERSION_INFO_PREFIX</key>
				<string></string>
			</dict>
			<key>isa</key>
			<string>XCBuildConfiguration</string>
			<key>name</key>
			<string>Debug</string>
		</dict>
		<key>0626EA761DB2316C000DC212</key>
		<dict>
			<key>buildSettings</key>
			<dict>
				<key>CLANG_ANALYZER_NONNULL</key>
				<string>YES</string>
				<key>CLANG_ENABLE_MODULES</key>
				<string>YES</string>
				<key>CODE_SIGN_IDENTITY[sdk=iphoneos*]</key>
				<string></string>
				<key>COPY_PHASE_STRIP</key>
				<string>NO</string>
				<key>CURRENT_PROJECT_VERSION</key>
				<string>1</string>
				<key>DEBUG_INFORMATION_FORMAT</key>
				<string>dwarf-with-dsym</string>
				<key>DEFINES_MODULE</key>
				<string>YES</string>
				<key>DYLIB_COMPATIBILITY_VERSION</key>
				<string>1</string>
				<key>DYLIB_CURRENT_VERSION</key>
				<string>1</string>
				<key>DYLIB_INSTALL_NAME_BASE</key>
				<string>@rpath</string>
				<key>GCC_NO_COMMON_BLOCKS</key>
				<string>YES</string>
				<key>INFOPLIST_FILE</key>
				<string>YNImageAsync/Info.plist</string>
				<key>INSTALL_PATH</key>
				<string>$(LOCAL_LIBRARY_DIR)/Frameworks</string>
				<key>IPHONEOS_DEPLOYMENT_TARGET</key>
				<string>9.3</string>
				<key>LD_RUNPATH_SEARCH_PATHS</key>
				<string>$(inherited) @executable_path/Frameworks @loader_path/Frameworks</string>
				<key>PRODUCT_BUNDLE_IDENTIFIER</key>
				<string>yn.YNImageAsync</string>
				<key>PRODUCT_NAME</key>
				<string>$(TARGET_NAME)</string>
				<key>SKIP_INSTALL</key>
				<string>YES</string>
				<key>SWIFT_VERSION</key>
				<string>3.0</string>
				<key>VERSIONING_SYSTEM</key>
				<string>apple-generic</string>
				<key>VERSION_INFO_PREFIX</key>
				<string></string>
			</dict>
			<key>isa</key>
			<string>XCBuildConfiguration</string>
			<key>name</key>
			<string>Release</string>
		</dict>
		<key>0626EA771DB2316C000DC212</key>
		<dict>
			<key>buildSettings</key>
			<dict>
				<key>CLANG_ANALYZER_NONNULL</key>
				<string>YES</string>
				<key>DEBUG_INFORMATION_FORMAT</key>
				<string>dwarf</string>
				<key>GCC_NO_COMMON_BLOCKS</key>
				<string>YES</string>
				<key>INFOPLIST_FILE</key>
				<string>YNImageAsyncTests/Info.plist</string>
				<key>IPHONEOS_DEPLOYMENT_TARGET</key>
				<string>9.3</string>
				<key>LD_RUNPATH_SEARCH_PATHS</key>
				<string>$(inherited) @executable_path/Frameworks @loader_path/Frameworks</string>
				<key>PRODUCT_BUNDLE_IDENTIFIER</key>
				<string>yn.YNImageAsyncTests</string>
				<key>PRODUCT_NAME</key>
				<string>$(TARGET_NAME)</string>
				<key>SWIFT_VERSION</key>
				<string>3.0</string>
				<key>TEST_HOST</key>
				<string>$(BUILT_PRODUCTS_DIR)/ImageAsyncTest.app/ImageAsyncTest</string>
			</dict>
			<key>isa</key>
			<string>XCBuildConfiguration</string>
			<key>name</key>
			<string>Debug</string>
		</dict>
		<key>0626EA781DB2316C000DC212</key>
		<dict>
			<key>buildSettings</key>
			<dict>
				<key>CLANG_ANALYZER_NONNULL</key>
				<string>YES</string>
				<key>COPY_PHASE_STRIP</key>
				<string>NO</string>
				<key>DEBUG_INFORMATION_FORMAT</key>
				<string>dwarf-with-dsym</string>
				<key>GCC_NO_COMMON_BLOCKS</key>
				<string>YES</string>
				<key>INFOPLIST_FILE</key>
				<string>YNImageAsyncTests/Info.plist</string>
				<key>IPHONEOS_DEPLOYMENT_TARGET</key>
				<string>9.3</string>
				<key>LD_RUNPATH_SEARCH_PATHS</key>
				<string>$(inherited) @executable_path/Frameworks @loader_path/Frameworks</string>
				<key>PRODUCT_BUNDLE_IDENTIFIER</key>
				<string>yn.YNImageAsyncTests</string>
				<key>PRODUCT_NAME</key>
				<string>$(TARGET_NAME)</string>
				<key>SWIFT_VERSION</key>
				<string>3.0</string>
				<key>TEST_HOST</key>
				<string>$(BUILT_PRODUCTS_DIR)/ImageAsyncTest.app/ImageAsyncTest</string>
			</dict>
			<key>isa</key>
			<string>XCBuildConfiguration</string>
			<key>name</key>
			<string>Release</string>
		</dict>
		<key>0626EA791DB2316C000DC212</key>
		<dict>
			<key>buildConfigurations</key>
			<array>
				<string>0626EA751DB2316C000DC212</string>
				<string>0626EA761DB2316C000DC212</string>
			</array>
			<key>defaultConfigurationIsVisible</key>
			<string>0</string>
			<key>defaultConfigurationName</key>
			<string>Release</string>
			<key>isa</key>
			<string>XCConfigurationList</string>
		</dict>
		<key>0626EA7A1DB2316C000DC212</key>
		<dict>
			<key>buildActionMask</key>
			<string>2147483647</string>
			<key>dstPath</key>
			<string></string>
			<key>dstSubfolderSpec</key>
			<string>10</string>
			<key>files</key>
			<array>
				<string>0626EA741DB2316C000DC212</string>
			</array>
			<key>isa</key>
			<string>PBXCopyFilesBuildPhase</string>
			<key>name</key>
			<string>Embed Frameworks</string>
			<key>runOnlyForDeploymentPostprocessing</key>
			<string>0</string>
		</dict>
		<key>0626EA7B1DB2316C000DC212</key>
		<dict>
			<key>buildConfigurations</key>
			<array>
				<string>0626EA771DB2316C000DC212</string>
				<string>0626EA781DB2316C000DC212</string>
			</array>
			<key>defaultConfigurationIsVisible</key>
			<string>0</string>
			<key>defaultConfigurationName</key>
			<string>Release</string>
			<key>isa</key>
			<string>XCConfigurationList</string>
		</dict>
		<key>0626EA7D1DB2324A000DC212</key>
		<dict>
			<key>fileEncoding</key>
			<string>4</string>
			<key>isa</key>
			<string>PBXFileReference</string>
			<key>lastKnownFileType</key>
			<string>sourcecode.swift</string>
			<key>path</key>
			<string>YNImageCacheProvider.swift</string>
			<key>sourceTree</key>
			<string>&lt;group&gt;</string>
		</dict>
		<key>0626EA7E1DB2324A000DC212</key>
		<dict>
			<key>fileRef</key>
			<string>0626EA7D1DB2324A000DC212</string>
			<key>isa</key>
			<string>PBXBuildFile</string>
		</dict>
		<key>0626EA7F1DB2324A000DC212</key>
		<dict>
			<key>fileRef</key>
			<string>0626EA7D1DB2324A000DC212</string>
			<key>isa</key>
			<string>PBXBuildFile</string>
		</dict>
		<key>0626EA801DB25035000DC212</key>
		<dict>
			<key>fileEncoding</key>
			<string>4</string>
			<key>isa</key>
			<string>PBXFileReference</string>
			<key>lastKnownFileType</key>
			<string>sourcecode.swift</string>
			<key>name</key>
			<string>YNCellDataProtocol.swift</string>
			<key>path</key>
			<string>YNCellDataProtocol.swift</string>
			<key>sourceTree</key>
			<string>&lt;group&gt;</string>
		</dict>
		<key>0626EA811DB25035000DC212</key>
		<dict>
			<key>fileRef</key>
			<string>0626EA801DB25035000DC212</string>
			<key>isa</key>
			<string>PBXBuildFile</string>
		</dict>
		<key>0626EA821DB252AE000DC212</key>
		<dict>
			<key>fileEncoding</key>
			<string>4</string>
			<key>isa</key>
			<string>PBXFileReference</string>
			<key>lastKnownFileType</key>
			<string>sourcecode.swift</string>
			<key>name</key>
			<string>YNCellObjectProtocol.swift</string>
			<key>path</key>
			<string>YNCellObjectProtocol.swift</string>
			<key>sourceTree</key>
			<string>&lt;group&gt;</string>
		</dict>
		<key>0626EA831DB252AE000DC212</key>
		<dict>
			<key>fileRef</key>
			<string>0626EA821DB252AE000DC212</string>
			<key>isa</key>
			<string>PBXBuildFile</string>
		</dict>
		<key>062ABFFA1A0827E000744325</key>
		<dict>
			<key>children</key>
			<array>
				<string>062AC0051A0827E000744325</string>
				<string>062AC0041A0827E000744325</string>
				<string>0626EA5F1DB2316C000DC212</string>
				<string>0626EA6D1DB2316C000DC212</string>
				<string>06EE758E1A0ABB65007BE5B0</string>
			</array>
			<key>isa</key>
			<string>PBXGroup</string>
			<key>sourceTree</key>
			<string>&lt;group&gt;</string>
		</dict>
		<key>062ABFFB1A0827E000744325</key>
		<dict>
			<key>attributes</key>
			<dict>
				<key>LastSwiftMigration</key>
				<string>0730</string>
				<key>LastSwiftUpdateCheck</key>
				<string>0730</string>
				<key>LastUpgradeCheck</key>
				<string>0800</string>
				<key>ORGANIZATIONNAME</key>
				<string>Yury Nechaev</string>
				<key>TargetAttributes</key>
				<dict>
					<key>0626EA5D1DB2316C000DC212</key>
					<dict>
						<key>CreatedOnToolsVersion</key>
						<string>7.3.1</string>
						<key>LastSwiftMigration</key>
						<string>0800</string>
					</dict>
					<key>0626EA661DB2316C000DC212</key>
					<dict>
						<key>CreatedOnToolsVersion</key>
						<string>7.3.1</string>
						<key>LastSwiftMigration</key>
						<string>0800</string>
						<key>TestTargetID</key>
						<string>062AC0021A0827E000744325</string>
					</dict>
					<key>062AC0021A0827E000744325</key>
					<dict>
						<key>CreatedOnToolsVersion</key>
						<string>6.1</string>
						<key>DevelopmentTeam</key>
						<string>SRKJ4V7PLZ</string>
						<key>LastSwiftMigration</key>
						<string>0800</string>
						<key>ProvisioningStyle</key>
						<string>Automatic</string>
					</dict>
				</dict>
			</dict>
			<key>buildConfigurationList</key>
			<string>062ABFFE1A0827E000744325</string>
			<key>compatibilityVersion</key>
			<string>Xcode 3.2</string>
			<key>developmentRegion</key>
			<string>English</string>
			<key>hasScannedForEncodings</key>
			<string>0</string>
			<key>isa</key>
			<string>PBXProject</string>
			<key>knownRegions</key>
			<array>
				<string>en</string>
				<string>Base</string>
			</array>
			<key>mainGroup</key>
			<string>062ABFFA1A0827E000744325</string>
			<key>productRefGroup</key>
			<string>062AC0041A0827E000744325</string>
			<key>projectDirPath</key>
			<string></string>
			<key>projectReferences</key>
			<array/>
			<key>projectRoot</key>
			<string></string>
			<key>targets</key>
			<array>
				<string>062AC0021A0827E000744325</string>
				<string>0626EA5D1DB2316C000DC212</string>
				<string>0626EA661DB2316C000DC212</string>
			</array>
		</dict>
		<key>062ABFFE1A0827E000744325</key>
		<dict>
			<key>buildConfigurations</key>
			<array>
				<string>062AC0201A0827E000744325</string>
				<string>062AC0211A0827E000744325</string>
			</array>
			<key>defaultConfigurationIsVisible</key>
			<string>0</string>
			<key>defaultConfigurationName</key>
			<string>Release</string>
			<key>isa</key>
			<string>XCConfigurationList</string>
		</dict>
		<key>062ABFFF1A0827E000744325</key>
		<dict>
			<key>buildActionMask</key>
			<string>2147483647</string>
			<key>files</key>
			<array>
				<string>063365F21DB2A99900B78098</string>
				<string>06EE759B1A0ACD37007BE5B0</string>
				<string>06CA03B91DB25F8C00AC65E5</string>
				<string>06EE759C1A0ACD37007BE5B0</string>
				<string>0626EA831DB252AE000DC212</string>
				<string>062AC00B1A0827E000744325</string>
				<string>06EE759D1A0ACD37007BE5B0</string>
				<string>063365F51DB2BD9100B78098</string>
				<string>0626EA7E1DB2324A000DC212</string>
				<string>069055901DB2DB6A00C3E48F</string>
				<string>062AC0091A0827E000744325</string>
				<string>0626EA811DB25035000DC212</string>
				<string>062AC0291A08F57500744325</string>
				<string>06E80CBF1DB37FA40068BF85</string>
				<string>069055931DB2DBB500C3E48F</string>
			</array>
			<key>isa</key>
			<string>PBXSourcesBuildPhase</string>
			<key>runOnlyForDeploymentPostprocessing</key>
			<string>0</string>
		</dict>
		<key>062AC0001A0827E000744325</key>
		<dict>
			<key>buildActionMask</key>
			<string>2147483647</string>
			<key>files</key>
			<array>
				<string>0626EA731DB2316C000DC212</string>
				<string>06EE758F1A0ABB65007BE5B0</string>
			</array>
			<key>isa</key>
			<string>PBXFrameworksBuildPhase</string>
			<key>runOnlyForDeploymentPostprocessing</key>
			<string>0</string>
		</dict>
		<key>062AC0011A0827E000744325</key>
		<dict>
			<key>buildActionMask</key>
			<string>2147483647</string>
			<key>files</key>
			<array>
				<string>062AC00E1A0827E000744325</string>
				<string>062AC0131A0827E000744325</string>
				<string>062AC0101A0827E000744325</string>
			</array>
			<key>isa</key>
			<string>PBXResourcesBuildPhase</string>
			<key>runOnlyForDeploymentPostprocessing</key>
			<string>0</string>
		</dict>
		<key>062AC0021A0827E000744325</key>
		<dict>
			<key>buildConfigurationList</key>
			<string>062AC0221A0827E000744325</string>
			<key>buildPhases</key>
			<array>
				<string>062ABFFF1A0827E000744325</string>
				<string>062AC0001A0827E000744325</string>
				<string>062AC0011A0827E000744325</string>
				<string>0626EA7A1DB2316C000DC212</string>
			</array>
			<key>buildRules</key>
			<array/>
			<key>dependencies</key>
			<array>
				<string>0626EA721DB2316C000DC212</string>
			</array>
			<key>isa</key>
			<string>PBXNativeTarget</string>
			<key>name</key>
			<string>Demo</string>
			<key>productName</key>
			<string>ImageAsyncTest</string>
			<key>productReference</key>
			<string>062AC0031A0827E000744325</string>
			<key>productType</key>
			<string>com.apple.product-type.application</string>
		</dict>
		<key>062AC0031A0827E000744325</key>
		<dict>
			<key>explicitFileType</key>
			<string>wrapper.application</string>
			<key>includeInIndex</key>
			<string>0</string>
			<key>isa</key>
			<string>PBXFileReference</string>
			<key>path</key>
			<string>Demo.app</string>
			<key>sourceTree</key>
			<string>BUILT_PRODUCTS_DIR</string>
		</dict>
		<key>062AC0041A0827E000744325</key>
		<dict>
			<key>children</key>
			<array>
				<string>062AC0031A0827E000744325</string>
				<string>0626EA5E1DB2316C000DC212</string>
				<string>0626EA671DB2316C000DC212</string>
			</array>
			<key>isa</key>
			<string>PBXGroup</string>
			<key>name</key>
			<string>Products</string>
			<key>sourceTree</key>
			<string>&lt;group&gt;</string>
		</dict>
		<key>062AC0051A0827E000744325</key>
		<dict>
			<key>children</key>
			<array>
				<string>06EE75951A0ACD37007BE5B0</string>
				<string>062AC0061A0827E000744325</string>
				<string>062AC0081A0827E000744325</string>
				<string>062AC00F1A0827E000744325</string>
				<string>062AC0111A0827E000744325</string>
				<string>062AC00C1A0827E000744325</string>
			</array>
			<key>isa</key>
			<string>PBXGroup</string>
			<key>name</key>
			<string>Demo</string>
			<key>path</key>
			<string>Demo</string>
			<key>sourceTree</key>
			<string>&lt;group&gt;</string>
		</dict>
		<key>062AC0061A0827E000744325</key>
		<dict>
			<key>children</key>
			<array>
				<string>062AC0071A0827E000744325</string>
			</array>
			<key>isa</key>
			<string>PBXGroup</string>
			<key>name</key>
			<string>Supporting Files</string>
			<key>path</key>
			<string>Supporting Files</string>
			<key>sourceTree</key>
			<string>&lt;group&gt;</string>
		</dict>
		<key>062AC0071A0827E000744325</key>
		<dict>
			<key>isa</key>
			<string>PBXFileReference</string>
			<key>lastKnownFileType</key>
			<string>text.plist.xml</string>
			<key>path</key>
			<string>Info.plist</string>
			<key>sourceTree</key>
			<string>&lt;group&gt;</string>
		</dict>
		<key>062AC0081A0827E000744325</key>
		<dict>
			<key>isa</key>
			<string>PBXFileReference</string>
			<key>lastKnownFileType</key>
			<string>sourcecode.swift</string>
			<key>path</key>
			<string>AppDelegate.swift</string>
			<key>sourceTree</key>
			<string>&lt;group&gt;</string>
		</dict>
		<key>062AC0091A0827E000744325</key>
		<dict>
			<key>fileRef</key>
			<string>062AC0081A0827E000744325</string>
			<key>isa</key>
			<string>PBXBuildFile</string>
		</dict>
		<key>062AC00A1A0827E000744325</key>
		<dict>
			<key>isa</key>
			<string>PBXFileReference</string>
			<key>lastKnownFileType</key>
			<string>sourcecode.swift</string>
			<key>name</key>
			<string>ViewController.swift</string>
			<key>path</key>
			<string>ViewController.swift</string>
			<key>sourceTree</key>
			<string>&lt;group&gt;</string>
		</dict>
		<key>062AC00B1A0827E000744325</key>
		<dict>
			<key>fileRef</key>
			<string>062AC00A1A0827E000744325</string>
			<key>isa</key>
			<string>PBXBuildFile</string>
		</dict>
		<key>062AC00C1A0827E000744325</key>
		<dict>
			<key>children</key>
			<array>
				<string>062AC00D1A0827E000744325</string>
			</array>
			<key>isa</key>
			<string>PBXVariantGroup</string>
			<key>name</key>
			<string>Main.storyboard</string>
			<key>path</key>
			<string>.</string>
			<key>sourceTree</key>
			<string>&lt;group&gt;</string>
		</dict>
		<key>062AC00D1A0827E000744325</key>
		<dict>
			<key>isa</key>
			<string>PBXFileReference</string>
			<key>lastKnownFileType</key>
			<string>file.storyboard</string>
			<key>name</key>
			<string>Base</string>
			<key>path</key>
			<string>Base.lproj/Main.storyboard</string>
			<key>sourceTree</key>
			<string>&lt;group&gt;</string>
		</dict>
		<key>062AC00E1A0827E000744325</key>
		<dict>
			<key>fileRef</key>
			<string>062AC00C1A0827E000744325</string>
			<key>isa</key>
			<string>PBXBuildFile</string>
		</dict>
		<key>062AC00F1A0827E000744325</key>
		<dict>
			<key>isa</key>
			<string>PBXFileReference</string>
			<key>lastKnownFileType</key>
			<string>folder.assetcatalog</string>
			<key>path</key>
			<string>Images.xcassets</string>
			<key>sourceTree</key>
			<string>&lt;group&gt;</string>
		</dict>
		<key>062AC0101A0827E000744325</key>
		<dict>
			<key>fileRef</key>
			<string>062AC00F1A0827E000744325</string>
			<key>isa</key>
			<string>PBXBuildFile</string>
		</dict>
		<key>062AC0111A0827E000744325</key>
		<dict>
			<key>children</key>
			<array>
				<string>062AC0121A0827E000744325</string>
			</array>
			<key>isa</key>
			<string>PBXVariantGroup</string>
			<key>name</key>
			<string>LaunchScreen.xib</string>
			<key>path</key>
			<string>.</string>
			<key>sourceTree</key>
			<string>&lt;group&gt;</string>
		</dict>
		<key>062AC0121A0827E000744325</key>
		<dict>
			<key>isa</key>
			<string>PBXFileReference</string>
			<key>lastKnownFileType</key>
			<string>file.xib</string>
			<key>name</key>
			<string>Base</string>
			<key>path</key>
			<string>Base.lproj/LaunchScreen.xib</string>
			<key>sourceTree</key>
			<string>&lt;group&gt;</string>
		</dict>
		<key>062AC0131A0827E000744325</key>
		<dict>
			<key>fileRef</key>
			<string>062AC0111A0827E000744325</string>
			<key>isa</key>
			<string>PBXBuildFile</string>
		</dict>
		<key>062AC0201A0827E000744325</key>
		<dict>
			<key>buildSettings</key>
			<dict>
				<key>ALWAYS_SEARCH_USER_PATHS</key>
				<string>NO</string>
				<key>CLANG_CXX_LANGUAGE_STANDARD</key>
				<string>gnu++0x</string>
				<key>CLANG_CXX_LIBRARY</key>
				<string>libc++</string>
				<key>CLANG_ENABLE_MODULES</key>
				<string>YES</string>
				<key>CLANG_ENABLE_OBJC_ARC</key>
				<string>YES</string>
				<key>CLANG_WARN_BOOL_CONVERSION</key>
				<string>YES</string>
				<key>CLANG_WARN_CONSTANT_CONVERSION</key>
				<string>YES</string>
				<key>CLANG_WARN_DIRECT_OBJC_ISA_USAGE</key>
				<string>YES_ERROR</string>
				<key>CLANG_WARN_EMPTY_BODY</key>
				<string>YES</string>
				<key>CLANG_WARN_ENUM_CONVERSION</key>
				<string>YES</string>
				<key>CLANG_WARN_INFINITE_RECURSION</key>
				<string>YES</string>
				<key>CLANG_WARN_INT_CONVERSION</key>
				<string>YES</string>
				<key>CLANG_WARN_OBJC_ROOT_CLASS</key>
				<string>YES_ERROR</string>
				<key>CLANG_WARN_SUSPICIOUS_MOVE</key>
				<string>YES</string>
				<key>CLANG_WARN_UNREACHABLE_CODE</key>
				<string>YES</string>
				<key>CLANG_WARN__DUPLICATE_METHOD_MATCH</key>
				<string>YES</string>
				<key>CODE_SIGN_IDENTITY[sdk=iphoneos*]</key>
				<string>iPhone Developer</string>
				<key>COPY_PHASE_STRIP</key>
				<string>NO</string>
				<key>ENABLE_STRICT_OBJC_MSGSEND</key>
				<string>YES</string>
				<key>ENABLE_TESTABILITY</key>
				<string>YES</string>
				<key>GCC_C_LANGUAGE_STANDARD</key>
				<string>gnu99</string>
				<key>GCC_DYNAMIC_NO_PIC</key>
				<string>NO</string>
				<key>GCC_NO_COMMON_BLOCKS</key>
				<string>YES</string>
				<key>GCC_OPTIMIZATION_LEVEL</key>
				<string>0</string>
				<key>GCC_PREPROCESSOR_DEFINITIONS</key>
				<array>
					<string>DEBUG=1</string>
					<string>$(inherited)</string>
				</array>
				<key>GCC_SYMBOLS_PRIVATE_EXTERN</key>
				<string>NO</string>
				<key>GCC_WARN_64_TO_32_BIT_CONVERSION</key>
				<string>YES</string>
				<key>GCC_WARN_ABOUT_RETURN_TYPE</key>
				<string>YES_ERROR</string>
				<key>GCC_WARN_UNDECLARED_SELECTOR</key>
				<string>YES</string>
				<key>GCC_WARN_UNINITIALIZED_AUTOS</key>
				<string>YES_AGGRESSIVE</string>
				<key>GCC_WARN_UNUSED_FUNCTION</key>
				<string>YES</string>
				<key>GCC_WARN_UNUSED_VARIABLE</key>
				<string>YES</string>
				<key>IPHONEOS_DEPLOYMENT_TARGET</key>
				<string>8.1</string>
				<key>MTL_ENABLE_DEBUG_INFO</key>
				<string>YES</string>
				<key>ONLY_ACTIVE_ARCH</key>
				<string>YES</string>
				<key>SDKROOT</key>
				<string>iphoneos</string>
				<key>SWIFT_OPTIMIZATION_LEVEL</key>
				<string>-Onone</string>
				<key>TARGETED_DEVICE_FAMILY</key>
				<string>1,2</string>
			</dict>
			<key>isa</key>
			<string>XCBuildConfiguration</string>
			<key>name</key>
			<string>Debug</string>
		</dict>
		<key>062AC0211A0827E000744325</key>
		<dict>
			<key>buildSettings</key>
			<dict>
				<key>ALWAYS_SEARCH_USER_PATHS</key>
				<string>NO</string>
				<key>CLANG_CXX_LANGUAGE_STANDARD</key>
				<string>gnu++0x</string>
				<key>CLANG_CXX_LIBRARY</key>
				<string>libc++</string>
				<key>CLANG_ENABLE_MODULES</key>
				<string>YES</string>
				<key>CLANG_ENABLE_OBJC_ARC</key>
				<string>YES</string>
				<key>CLANG_WARN_BOOL_CONVERSION</key>
				<string>YES</string>
				<key>CLANG_WARN_CONSTANT_CONVERSION</key>
				<string>YES</string>
				<key>CLANG_WARN_DIRECT_OBJC_ISA_USAGE</key>
				<string>YES_ERROR</string>
				<key>CLANG_WARN_EMPTY_BODY</key>
				<string>YES</string>
				<key>CLANG_WARN_ENUM_CONVERSION</key>
				<string>YES</string>
				<key>CLANG_WARN_INFINITE_RECURSION</key>
				<string>YES</string>
				<key>CLANG_WARN_INT_CONVERSION</key>
				<string>YES</string>
				<key>CLANG_WARN_OBJC_ROOT_CLASS</key>
				<string>YES_ERROR</string>
				<key>CLANG_WARN_SUSPICIOUS_MOVE</key>
				<string>YES</string>
				<key>CLANG_WARN_UNREACHABLE_CODE</key>
				<string>YES</string>
				<key>CLANG_WARN__DUPLICATE_METHOD_MATCH</key>
				<string>YES</string>
				<key>CODE_SIGN_IDENTITY[sdk=iphoneos*]</key>
				<string>iPhone Developer</string>
				<key>COPY_PHASE_STRIP</key>
				<string>YES</string>
				<key>ENABLE_NS_ASSERTIONS</key>
				<string>NO</string>
				<key>ENABLE_STRICT_OBJC_MSGSEND</key>
				<string>YES</string>
				<key>GCC_C_LANGUAGE_STANDARD</key>
				<string>gnu99</string>
				<key>GCC_NO_COMMON_BLOCKS</key>
				<string>YES</string>
				<key>GCC_WARN_64_TO_32_BIT_CONVERSION</key>
				<string>YES</string>
				<key>GCC_WARN_ABOUT_RETURN_TYPE</key>
				<string>YES_ERROR</string>
				<key>GCC_WARN_UNDECLARED_SELECTOR</key>
				<string>YES</string>
				<key>GCC_WARN_UNINITIALIZED_AUTOS</key>
				<string>YES_AGGRESSIVE</string>
				<key>GCC_WARN_UNUSED_FUNCTION</key>
				<string>YES</string>
				<key>GCC_WARN_UNUSED_VARIABLE</key>
				<string>YES</string>
				<key>IPHONEOS_DEPLOYMENT_TARGET</key>
				<string>8.1</string>
				<key>MTL_ENABLE_DEBUG_INFO</key>
				<string>NO</string>
				<key>SDKROOT</key>
				<string>iphoneos</string>
				<key>SWIFT_OPTIMIZATION_LEVEL</key>
				<string>-Owholemodule</string>
				<key>TARGETED_DEVICE_FAMILY</key>
				<string>1,2</string>
				<key>VALIDATE_PRODUCT</key>
				<string>YES</string>
			</dict>
			<key>isa</key>
			<string>XCBuildConfiguration</string>
			<key>name</key>
			<string>Release</string>
		</dict>
		<key>062AC0221A0827E000744325</key>
		<dict>
			<key>buildConfigurations</key>
			<array>
				<string>062AC0231A0827E000744325</string>
				<string>062AC0241A0827E000744325</string>
			</array>
			<key>defaultConfigurationIsVisible</key>
			<string>0</string>
			<key>defaultConfigurationName</key>
			<string>Release</string>
			<key>isa</key>
			<string>XCConfigurationList</string>
		</dict>
		<key>062AC0231A0827E000744325</key>
		<dict>
			<key>buildSettings</key>
			<dict>
				<key>ALWAYS_EMBED_SWIFT_STANDARD_LIBRARIES</key>
				<string>YES</string>
				<key>ASSETCATALOG_COMPILER_APPICON_NAME</key>
				<string>AppIcon</string>
				<key>CODE_SIGN_IDENTITY[sdk=iphoneos*]</key>
				<string>iPhone Developer</string>
				<key>DEVELOPMENT_TEAM</key>
				<string>SRKJ4V7PLZ</string>
				<key>INFOPLIST_FILE</key>
				<string>Demo/Supporting Files/Info.plist</string>
				<key>LD_RUNPATH_SEARCH_PATHS</key>
				<string>$(inherited) @executable_path/Frameworks</string>
				<key>PRODUCT_BUNDLE_IDENTIFIER</key>
				<string>YN.$(PRODUCT_NAME:rfc1034identifier)</string>
				<key>PRODUCT_NAME</key>
				<string>$(TARGET_NAME)</string>
				<key>SWIFT_VERSION</key>
				<string>3.0</string>
			</dict>
			<key>isa</key>
			<string>XCBuildConfiguration</string>
			<key>name</key>
			<string>Debug</string>
		</dict>
		<key>062AC0241A0827E000744325</key>
		<dict>
			<key>buildSettings</key>
			<dict>
				<key>ALWAYS_EMBED_SWIFT_STANDARD_LIBRARIES</key>
				<string>YES</string>
				<key>ASSETCATALOG_COMPILER_APPICON_NAME</key>
				<string>AppIcon</string>
				<key>CODE_SIGN_IDENTITY[sdk=iphoneos*]</key>
				<string>iPhone Developer</string>
				<key>DEVELOPMENT_TEAM</key>
				<string>SRKJ4V7PLZ</string>
				<key>INFOPLIST_FILE</key>
				<string>Demo/Supporting Files/Info.plist</string>
				<key>LD_RUNPATH_SEARCH_PATHS</key>
				<string>$(inherited) @executable_path/Frameworks</string>
				<key>PRODUCT_BUNDLE_IDENTIFIER</key>
				<string>YN.$(PRODUCT_NAME:rfc1034identifier)</string>
				<key>PRODUCT_NAME</key>
				<string>$(TARGET_NAME)</string>
				<key>SWIFT_VERSION</key>
				<string>3.0</string>
			</dict>
			<key>isa</key>
			<string>XCBuildConfiguration</string>
			<key>name</key>
			<string>Release</string>
		</dict>
		<key>062AC0281A08F57500744325</key>
		<dict>
			<key>fileEncoding</key>
			<string>4</string>
			<key>isa</key>
			<string>PBXFileReference</string>
			<key>lastKnownFileType</key>
			<string>sourcecode.swift</string>
			<key>name</key>
			<string>YNTableViewCell.swift</string>
			<key>path</key>
			<string>YNTableViewCell.swift</string>
			<key>sourceTree</key>
			<string>&lt;group&gt;</string>
		</dict>
		<key>062AC0291A08F57500744325</key>
		<dict>
			<key>fileRef</key>
			<string>062AC0281A08F57500744325</string>
			<key>isa</key>
			<string>PBXBuildFile</string>
		</dict>
		<key>063365F11DB2A99900B78098</key>
		<dict>
			<key>fileEncoding</key>
			<string>4</string>
			<key>isa</key>
			<string>PBXFileReference</string>
			<key>lastKnownFileType</key>
			<string>sourcecode.swift</string>
			<key>name</key>
			<string>YNImageLoader.swift</string>
			<key>path</key>
			<string>YNImageLoader.swift</string>
			<key>sourceTree</key>
			<string>&lt;group&gt;</string>
		</dict>
		<key>063365F21DB2A99900B78098</key>
		<dict>
			<key>fileRef</key>
			<string>063365F11DB2A99900B78098</string>
			<key>isa</key>
			<string>PBXBuildFile</string>
		</dict>
		<key>063365F31DB2A99900B78098</key>
		<dict>
			<key>fileRef</key>
			<string>063365F11DB2A99900B78098</string>
			<key>isa</key>
			<string>PBXBuildFile</string>
		</dict>
		<key>063365F41DB2BD9100B78098</key>
		<dict>
			<key>fileEncoding</key>
			<string>4</string>
			<key>isa</key>
			<string>PBXFileReference</string>
			<key>lastKnownFileType</key>
			<string>sourcecode.swift</string>
			<key>name</key>
			<string>YNCommonFunctions.swift</string>
			<key>path</key>
			<string>YNCommonFunctions.swift</string>
			<key>sourceTree</key>
			<string>&lt;group&gt;</string>
		</dict>
		<key>063365F51DB2BD9100B78098</key>
		<dict>
			<key>fileRef</key>
			<string>063365F41DB2BD9100B78098</string>
			<key>isa</key>
			<string>PBXBuildFile</string>
		</dict>
		<key>063365F61DB2BD9100B78098</key>
		<dict>
			<key>fileRef</key>
			<string>063365F41DB2BD9100B78098</string>
			<key>isa</key>
			<string>PBXBuildFile</string>
		</dict>
		<key>0690558E1DB2DB5800C3E48F</key>
		<dict>
			<key>children</key>
			<array>
				<string>0690558F1DB2DB6A00C3E48F</string>
				<string>069055921DB2DBB500C3E48F</string>
			</array>
			<key>isa</key>
			<string>PBXGroup</string>
			<key>name</key>
			<string>Model</string>
			<key>path</key>
			<string>Model</string>
			<key>sourceTree</key>
			<string>&lt;group&gt;</string>
		</dict>
		<key>0690558F1DB2DB6A00C3E48F</key>
		<dict>
			<key>fileEncoding</key>
			<string>4</string>
			<key>isa</key>
			<string>PBXFileReference</string>
			<key>lastKnownFileType</key>
			<string>sourcecode.swift</string>
			<key>path</key>
			<string>YNImageCacheEntry.swift</string>
			<key>sourceTree</key>
			<string>&lt;group&gt;</string>
		</dict>
		<key>069055901DB2DB6A00C3E48F</key>
		<dict>
			<key>fileRef</key>
			<string>0690558F1DB2DB6A00C3E48F</string>
			<key>isa</key>
			<string>PBXBuildFile</string>
		</dict>
		<key>069055911DB2DB6A00C3E48F</key>
		<dict>
			<key>fileRef</key>
			<string>0690558F1DB2DB6A00C3E48F</string>
			<key>isa</key>
			<string>PBXBuildFile</string>
		</dict>
		<key>069055921DB2DBB500C3E48F</key>
		<dict>
			<key>fileEncoding</key>
			<string>4</string>
			<key>isa</key>
			<string>PBXFileReference</string>
			<key>lastKnownFileType</key>
			<string>sourcecode.swift</string>
			<key>path</key>
			<string>YNImageCacheType.swift</string>
			<key>sourceTree</key>
			<string>&lt;group&gt;</string>
		</dict>
		<key>069055931DB2DBB500C3E48F</key>
		<dict>
			<key>fileRef</key>
			<string>069055921DB2DBB500C3E48F</string>
			<key>isa</key>
			<string>PBXBuildFile</string>
		</dict>
		<key>069055941DB2DBB500C3E48F</key>
		<dict>
			<key>fileRef</key>
			<string>069055921DB2DBB500C3E48F</string>
			<key>isa</key>
			<string>PBXBuildFile</string>
		</dict>
		<key>069055951DB3600800C3E48F</key>
		<dict>
			<key>fileRef</key>
			<string>06EE759A1A0ACD37007BE5B0</string>
			<key>isa</key>
			<string>PBXBuildFile</string>
		</dict>
		<key>069055961DB3600C00C3E48F</key>
		<dict>
			<key>fileRef</key>
			<string>06EE75981A0ACD37007BE5B0</string>
			<key>isa</key>
			<string>PBXBuildFile</string>
		</dict>
		<key>069055971DB3601000C3E48F</key>
		<dict>
			<key>fileRef</key>
			<string>06EE75971A0ACD37007BE5B0</string>
			<key>isa</key>
			<string>PBXBuildFile</string>
		</dict>
		<key>06CA03B81DB25F8C00AC65E5</key>
		<dict>
			<key>fileEncoding</key>
			<string>4</string>
			<key>isa</key>
			<string>PBXFileReference</string>
			<key>lastKnownFileType</key>
			<string>sourcecode.swift</string>
			<key>name</key>
			<string>YNDataProvider.swift</string>
			<key>path</key>
			<string>YNDataProvider.swift</string>
			<key>sourceTree</key>
			<string>&lt;group&gt;</string>
		</dict>
		<key>06CA03B91DB25F8C00AC65E5</key>
		<dict>
			<key>fileRef</key>
			<string>06CA03B81DB25F8C00AC65E5</string>
			<key>isa</key>
			<string>PBXBuildFile</string>
		</dict>
		<key>06E80CB91DB37D3F0068BF85</key>
		<dict>
			<key>children</key>
			<array>
				<string>0690558E1DB2DB5800C3E48F</string>
				<string>06E80CBA1DB37D4D0068BF85</string>
			</array>
			<key>isa</key>
			<string>PBXGroup</string>
			<key>name</key>
			<string>Cache</string>
			<key>path</key>
			<string>Cache</string>
			<key>sourceTree</key>
			<string>&lt;group&gt;</string>
		</dict>
		<key>06E80CBA1DB37D4D0068BF85</key>
		<dict>
			<key>children</key>
			<array>
				<string>0626EA7D1DB2324A000DC212</string>
			</array>
			<key>isa</key>
			<string>PBXGroup</string>
			<key>name</key>
			<string>Service</string>
			<key>path</key>
			<string>Service</string>
			<key>sourceTree</key>
			<string>&lt;group&gt;</string>
		</dict>
		<key>06E80CBB1DB37F4A0068BF85</key>
		<dict>
			<key>children</key>
			<array>
				<string>063365F11DB2A99900B78098</string>
			</array>
			<key>isa</key>
			<string>PBXGroup</string>
			<key>name</key>
			<string>Loading</string>
			<key>path</key>
			<string>Loading</string>
			<key>sourceTree</key>
			<string>&lt;group&gt;</string>
		</dict>
		<key>06E80CBC1DB37F6C0068BF85</key>
		<dict>
			<key>children</key>
			<array>
				<string>06EE75971A0ACD37007BE5B0</string>
				<string>06EE759A1A0ACD37007BE5B0</string>
				<string>06EE75981A0ACD37007BE5B0</string>
			</array>
			<key>isa</key>
			<string>PBXGroup</string>
			<key>name</key>
			<string>Extensions</string>
			<key>path</key>
			<string>Extensions</string>
			<key>sourceTree</key>
			<string>&lt;group&gt;</string>
		</dict>
		<key>06E80CBD1DB37F8A0068BF85</key>
		<dict>
			<key>children</key>
			<array>
				<string>063365F41DB2BD9100B78098</string>
				<string>06E80CBE1DB37FA40068BF85</string>
			</array>
			<key>isa</key>
			<string>PBXGroup</string>
			<key>name</key>
			<string>Core</string>
			<key>path</key>
			<string>Core</string>
			<key>sourceTree</key>
			<string>&lt;group&gt;</string>
		</dict>
		<key>06E80CBE1DB37FA40068BF85</key>
		<dict>
			<key>fileEncoding</key>
			<string>4</string>
			<key>isa</key>
			<string>PBXFileReference</string>
			<key>lastKnownFileType</key>
			<string>sourcecode.swift</string>
			<key>path</key>
			<string>YNImageAsync.swift</string>
			<key>sourceTree</key>
			<string>&lt;group&gt;</string>
		</dict>
		<key>06E80CBF1DB37FA40068BF85</key>
		<dict>
			<key>fileRef</key>
			<string>06E80CBE1DB37FA40068BF85</string>
			<key>isa</key>
			<string>PBXBuildFile</string>
		</dict>
		<key>06E80CC01DB37FA40068BF85</key>
		<dict>
			<key>fileRef</key>
			<string>06E80CBE1DB37FA40068BF85</string>
			<key>isa</key>
			<string>PBXBuildFile</string>
		</dict>
		<key>06EE758E1A0ABB65007BE5B0</key>
		<dict>
			<key>isa</key>
			<string>PBXFileReference</string>
			<key>lastKnownFileType</key>
			<string>wrapper.framework</string>
			<key>name</key>
			<string>CoreGraphics.framework</string>
			<key>path</key>
			<string>System/Library/Frameworks/CoreGraphics.framework</string>
			<key>sourceTree</key>
			<string>SDKROOT</string>
		</dict>
		<key>06EE758F1A0ABB65007BE5B0</key>
		<dict>
			<key>fileRef</key>
			<string>06EE758E1A0ABB65007BE5B0</string>
			<key>isa</key>
			<string>PBXBuildFile</string>
		</dict>
		<key>06EE75951A0ACD37007BE5B0</key>
		<dict>
			<key>children</key>
			<array>
				<string>062AC00A1A0827E000744325</string>
				<string>0626EA801DB25035000DC212</string>
				<string>0626EA821DB252AE000DC212</string>
				<string>06CA03B81DB25F8C00AC65E5</string>
				<string>062AC0281A08F57500744325</string>
			</array>
			<key>isa</key>
			<string>PBXGroup</string>
			<key>path</key>
			<string>Source</string>
			<key>sourceTree</key>
			<string>&lt;group&gt;</string>
		</dict>
		<key>06EE75961A0ACD37007BE5B0</key>
		<dict>
			<key>children</key>
			<array>
				<string>06E80CB91DB37D3F0068BF85</string>
				<string>06E80CBD1DB37F8A0068BF85</string>
				<string>06E80CBC1DB37F6C0068BF85</string>
				<string>06E80CBB1DB37F4A0068BF85</string>
			</array>
			<key>isa</key>
			<string>PBXGroup</string>
			<key>name</key>
			<string>Source</string>
			<key>path</key>
			<string>Source</string>
			<key>sourceTree</key>
			<string>&lt;group&gt;</string>
		</dict>
		<key>06EE75971A0ACD37007BE5B0</key>
		<dict>
			<key>fileEncoding</key>
			<string>4</string>
			<key>isa</key>
			<string>PBXFileReference</string>
			<key>lastKnownFileType</key>
			<string>sourcecode.swift</string>
			<key>path</key>
			<string>YNCircleIndicator.swift</string>
			<key>sourceTree</key>
			<string>&lt;group&gt;</string>
		</dict>
		<key>06EE75981A0ACD37007BE5B0</key>
		<dict>
			<key>fileEncoding</key>
			<string>4</string>
			<key>isa</key>
			<string>PBXFileReference</string>
			<key>lastKnownFileType</key>
			<string>sourcecode.swift</string>
			<key>path</key>
			<string>YNImageView.swift</string>
			<key>sourceTree</key>
			<string>&lt;group&gt;</string>
		</dict>
		<key>06EE759A1A0ACD37007BE5B0</key>
		<dict>
			<key>fileEncoding</key>
			<string>4</string>
			<key>isa</key>
			<string>PBXFileReference</string>
			<key>lastKnownFileType</key>
			<string>sourcecode.swift</string>
			<key>name</key>
			<string>YNImageAsyncExtensions.swift</string>
			<key>path</key>
			<string>YNImageAsyncExtensions.swift</string>
			<key>sourceTree</key>
			<string>&lt;group&gt;</string>
		</dict>
		<key>06EE759B1A0ACD37007BE5B0</key>
		<dict>
			<key>fileRef</key>
			<string>06EE75971A0ACD37007BE5B0</string>
			<key>isa</key>
			<string>PBXBuildFile</string>
		</dict>
		<key>06EE759C1A0ACD37007BE5B0</key>
		<dict>
			<key>fileRef</key>
			<string>06EE75981A0ACD37007BE5B0</string>
			<key>isa</key>
			<string>PBXBuildFile</string>
		</dict>
		<key>06EE759D1A0ACD37007BE5B0</key>
		<dict>
			<key>fileRef</key>
			<string>06EE759A1A0ACD37007BE5B0</string>
			<key>isa</key>
			<string>PBXBuildFile</string>
		</dict>
	</dict>
	<key>rootObject</key>
	<string>062ABFFB1A0827E000744325</string>
</dict>
</plist>
